{
  "version": 4,
  "terraform_version": "1.0.7",
  "serial": 37,
  "lineage": "943eead1-98ec-b649-bb8b-da2a2ee54891",
  "outputs": {
    "vm_ip_priv": {
      "value": "10.0.1.4",
      "type": "string"
    },
    "vm_ip_pub": {
      "value": "13.69.153.69",
      "type": "string"
    }
  },
  "resources": [
    {
      "mode": "managed",
      "type": "azurerm_network_interface",
      "name": "main_nic",
      "provider": "provider[\"registry.terraform.io/hashicorp/azurerm\"]",
      "instances": [
        {
          "schema_version": 0,
          "attributes": {
            "applied_dns_servers": [],
            "dns_servers": [],
            "enable_accelerated_networking": false,
            "enable_ip_forwarding": false,
            "id": "/subscriptions/e4363b21-2c35-48eb-a773-c84c8292dfa4/resourceGroups/bde_test_rg/providers/Microsoft.Network/networkInterfaces/bde_test_nic",
            "internal_dns_name_label": "",
            "internal_domain_name_suffix": "jrh5e1yezkje5k4r4hibpbetsg.fx.internal.cloudapp.net",
            "ip_configuration": [
              {
                "name": "bde_test_nic_ip",
                "primary": true,
                "private_ip_address": "10.0.1.4",
                "private_ip_address_allocation": "Dynamic",
                "private_ip_address_version": "IPv4",
                "public_ip_address_id": "/subscriptions/e4363b21-2c35-48eb-a773-c84c8292dfa4/resourceGroups/bde_test_rg/providers/Microsoft.Network/publicIPAddresses/bde_test_publicIp1",
                "subnet_id": "/subscriptions/e4363b21-2c35-48eb-a773-c84c8292dfa4/resourceGroups/bde_test_rg/providers/Microsoft.Network/virtualNetworks/bde_test_vnet/subnets/bde_test_subnet1"
              }
            ],
            "location": "northeurope",
            "mac_address": "00-22-48-99-52-AB",
            "name": "bde_test_nic",
            "private_ip_address": "10.0.1.4",
            "private_ip_addresses": [
              "10.0.1.4"
            ],
            "resource_group_name": "bde_test_rg",
            "tags": {},
            "timeouts": null,
            "virtual_machine_id": "/subscriptions/e4363b21-2c35-48eb-a773-c84c8292dfa4/resourceGroups/bde_test_rg/providers/Microsoft.Compute/virtualMachines/bde_test_vm1"
          },
          "sensitive_attributes": [],
          "private": "eyJlMmJmYjczMC1lY2FhLTExZTYtOGY4OC0zNDM2M2JjN2M0YzAiOnsiY3JlYXRlIjoxODAwMDAwMDAwMDAwLCJkZWxldGUiOjE4MDAwMDAwMDAwMDAsInJlYWQiOjMwMDAwMDAwMDAwMCwidXBkYXRlIjoxODAwMDAwMDAwMDAwfX0=",
          "dependencies": [
            "azurerm_public_ip.publicIp1",
            "azurerm_resource_group.example_resourcegroup",
            "azurerm_subnet.subnet_1"
          ]
        }
      ]
    },
    {
      "mode": "managed",
      "type": "azurerm_network_security_group",
      "name": "main_sg",
      "provider": "provider[\"registry.terraform.io/hashicorp/azurerm\"]",
      "instances": [
        {
          "schema_version": 0,
          "attributes": {
            "id": "/subscriptions/e4363b21-2c35-48eb-a773-c84c8292dfa4/resourceGroups/bde_test_rg/providers/Microsoft.Network/networkSecurityGroups/bde_test_sg_main",
            "location": "northeurope",
            "name": "bde_test_sg_main",
            "resource_group_name": "bde_test_rg",
            "security_rule": [
              {
                "access": "Allow",
                "description": "",
                "destination_address_prefix": "",
                "destination_address_prefixes": [
                  "10.0.1.0/24",
                  "10.0.2.0/24"
                ],
                "destination_application_security_group_ids": [],
                "destination_port_range": "80",
                "destination_port_ranges": [],
                "direction": "Inbound",
                "name": "bde_test_rule80_ext",
                "priority": 150,
                "protocol": "Tcp",
                "source_address_prefix": "*",
                "source_address_prefixes": [],
                "source_application_security_group_ids": [],
                "source_port_range": "*",
                "source_port_ranges": []
              }
            ],
            "tags": {},
            "timeouts": null
          },
          "sensitive_attributes": [],
          "private": "eyJlMmJmYjczMC1lY2FhLTExZTYtOGY4OC0zNDM2M2JjN2M0YzAiOnsiY3JlYXRlIjoxODAwMDAwMDAwMDAwLCJkZWxldGUiOjE4MDAwMDAwMDAwMDAsInJlYWQiOjMwMDAwMDAwMDAwMCwidXBkYXRlIjoxODAwMDAwMDAwMDAwfX0=",
          "dependencies": [
            "azurerm_resource_group.example_resourcegroup"
          ]
        }
      ]
    },
    {
      "mode": "managed",
      "type": "azurerm_network_security_rule",
      "name": "rule80",
      "provider": "provider[\"registry.terraform.io/hashicorp/azurerm\"]",
      "instances": [
        {
          "schema_version": 0,
          "attributes": {
            "access": "Allow",
            "description": "",
            "destination_address_prefix": "",
            "destination_address_prefixes": [
              "10.0.1.0/24",
              "10.0.2.0/24"
            ],
            "destination_application_security_group_ids": [],
            "destination_port_range": "80",
            "destination_port_ranges": [],
            "direction": "Inbound",
            "id": "/subscriptions/e4363b21-2c35-48eb-a773-c84c8292dfa4/resourceGroups/bde_test_rg/providers/Microsoft.Network/networkSecurityGroups/bde_test_sg_main/securityRules/bde_test_rule80_ext",
            "name": "bde_test_rule80_ext",
            "network_security_group_name": "bde_test_sg_main",
            "priority": 150,
            "protocol": "Tcp",
            "resource_group_name": "bde_test_rg",
            "source_address_prefix": "*",
            "source_address_prefixes": [],
            "source_application_security_group_ids": [],
            "source_port_range": "*",
            "source_port_ranges": [],
            "timeouts": null
          },
          "sensitive_attributes": [],
          "private": "eyJlMmJmYjczMC1lY2FhLTExZTYtOGY4OC0zNDM2M2JjN2M0YzAiOnsiY3JlYXRlIjoxODAwMDAwMDAwMDAwLCJkZWxldGUiOjE4MDAwMDAwMDAwMDAsInJlYWQiOjMwMDAwMDAwMDAwMCwidXBkYXRlIjoxODAwMDAwMDAwMDAwfX0=",
          "dependencies": [
            "azurerm_subnet.subnet_1",
            "azurerm_subnet.subnet_2",
            "azurerm_virtual_network.bde_test_vnet",
            "azurerm_network_security_group.main_sg",
            "azurerm_resource_group.example_resourcegroup"
          ]
        }
      ]
    },
    {
      "mode": "managed",
      "type": "azurerm_public_ip",
      "name": "publicIp1",
      "provider": "provider[\"registry.terraform.io/hashicorp/azurerm\"]",
      "instances": [
        {
          "schema_version": 0,
          "attributes": {
            "allocation_method": "Static",
            "domain_name_label": null,
            "fqdn": null,
            "id": "/subscriptions/e4363b21-2c35-48eb-a773-c84c8292dfa4/resourceGroups/bde_test_rg/providers/Microsoft.Network/publicIPAddresses/bde_test_publicIp1",
            "idle_timeout_in_minutes": 4,
            "ip_address": "13.69.153.69",
            "ip_version": "IPv4",
            "location": "northeurope",
            "name": "bde_test_publicIp1",
            "public_ip_prefix_id": null,
            "resource_group_name": "bde_test_rg",
            "reverse_fqdn": null,
            "sku": "Basic",
            "tags": {},
            "timeouts": null,
            "zones": []
          },
          "sensitive_attributes": [],
          "private": "eyJlMmJmYjczMC1lY2FhLTExZTYtOGY4OC0zNDM2M2JjN2M0YzAiOnsiY3JlYXRlIjoxODAwMDAwMDAwMDAwLCJkZWxldGUiOjE4MDAwMDAwMDAwMDAsInJlYWQiOjMwMDAwMDAwMDAwMCwidXBkYXRlIjoxODAwMDAwMDAwMDAwfX0=",
          "dependencies": [
            "azurerm_resource_group.example_resourcegroup"
          ]
        }
      ]
    },
    {
      "mode": "managed",
      "type": "azurerm_resource_group",
      "name": "example_resourcegroup",
      "provider": "provider[\"registry.terraform.io/hashicorp/azurerm\"]",
      "instances": [
        {
          "schema_version": 0,
          "attributes": {
            "id": "/subscriptions/e4363b21-2c35-48eb-a773-c84c8292dfa4/resourceGroups/bde_test_rg",
            "location": "northeurope",
            "name": "bde_test_rg",
            "tags": {},
            "timeouts": null
          },
          "sensitive_attributes": [],
          "private": "eyJlMmJmYjczMC1lY2FhLTExZTYtOGY4OC0zNDM2M2JjN2M0YzAiOnsiY3JlYXRlIjo1NDAwMDAwMDAwMDAwLCJkZWxldGUiOjU0MDAwMDAwMDAwMDAsInJlYWQiOjMwMDAwMDAwMDAwMCwidXBkYXRlIjo1NDAwMDAwMDAwMDAwfX0="
        }
      ]
    },
    {
      "mode": "managed",
      "type": "azurerm_subnet",
      "name": "subnet_1",
      "provider": "provider[\"registry.terraform.io/hashicorp/azurerm\"]",
      "instances": [
        {
          "schema_version": 0,
          "attributes": {
            "address_prefix": "10.0.1.0/24",
            "address_prefixes": [
              "10.0.1.0/24"
            ],
            "delegation": [],
            "enforce_private_link_endpoint_network_policies": false,
            "enforce_private_link_service_network_policies": false,
            "id": "/subscriptions/e4363b21-2c35-48eb-a773-c84c8292dfa4/resourceGroups/bde_test_rg/providers/Microsoft.Network/virtualNetworks/bde_test_vnet/subnets/bde_test_subnet1",
            "name": "bde_test_subnet1",
            "resource_group_name": "bde_test_rg",
            "service_endpoint_policy_ids": [],
            "service_endpoints": [],
            "timeouts": null,
            "virtual_network_name": "bde_test_vnet"
          },
          "sensitive_attributes": [],
          "private": "eyJlMmJmYjczMC1lY2FhLTExZTYtOGY4OC0zNDM2M2JjN2M0YzAiOnsiY3JlYXRlIjoxODAwMDAwMDAwMDAwLCJkZWxldGUiOjE4MDAwMDAwMDAwMDAsInJlYWQiOjMwMDAwMDAwMDAwMCwidXBkYXRlIjoxODAwMDAwMDAwMDAwfX0=",
          "dependencies": [
            "azurerm_resource_group.example_resourcegroup",
            "azurerm_virtual_network.bde_test_vnet"
          ]
        }
      ]
    },
    {
      "mode": "managed",
      "type": "azurerm_subnet",
      "name": "subnet_11",
      "provider": "provider[\"registry.terraform.io/hashicorp/azurerm\"]",
      "instances": [
        {
          "schema_version": 0,
          "attributes": {
            "address_prefix": "10.0.11.0/24",
            "address_prefixes": [
              "10.0.11.0/24"
            ],
            "delegation": [],
            "enforce_private_link_endpoint_network_policies": false,
            "enforce_private_link_service_network_policies": false,
            "id": "/subscriptions/e4363b21-2c35-48eb-a773-c84c8292dfa4/resourceGroups/bde_test_rg/providers/Microsoft.Network/virtualNetworks/bde_test_vnet/subnets/bde_test_subnet11",
            "name": "bde_test_subnet11",
            "resource_group_name": "bde_test_rg",
            "service_endpoint_policy_ids": [],
            "service_endpoints": [],
            "timeouts": null,
            "virtual_network_name": "bde_test_vnet"
          },
          "sensitive_attributes": [],
          "private": "eyJlMmJmYjczMC1lY2FhLTExZTYtOGY4OC0zNDM2M2JjN2M0YzAiOnsiY3JlYXRlIjoxODAwMDAwMDAwMDAwLCJkZWxldGUiOjE4MDAwMDAwMDAwMDAsInJlYWQiOjMwMDAwMDAwMDAwMCwidXBkYXRlIjoxODAwMDAwMDAwMDAwfX0=",
          "dependencies": [
            "azurerm_resource_group.example_resourcegroup",
            "azurerm_virtual_network.bde_test_vnet"
          ]
        }
      ]
    },
    {
      "mode": "managed",
      "type": "azurerm_subnet",
      "name": "subnet_12",
      "provider": "provider[\"registry.terraform.io/hashicorp/azurerm\"]",
      "instances": [
        {
          "schema_version": 0,
          "attributes": {
            "address_prefix": "10.0.12.0/24",
            "address_prefixes": [
              "10.0.12.0/24"
            ],
            "delegation": [],
            "enforce_private_link_endpoint_network_policies": false,
            "enforce_private_link_service_network_policies": false,
            "id": "/subscriptions/e4363b21-2c35-48eb-a773-c84c8292dfa4/resourceGroups/bde_test_rg/providers/Microsoft.Network/virtualNetworks/bde_test_vnet/subnets/bde_test_subnet12",
            "name": "bde_test_subnet12",
            "resource_group_name": "bde_test_rg",
            "service_endpoint_policy_ids": [],
            "service_endpoints": [],
            "timeouts": null,
            "virtual_network_name": "bde_test_vnet"
          },
          "sensitive_attributes": [],
          "private": "eyJlMmJmYjczMC1lY2FhLTExZTYtOGY4OC0zNDM2M2JjN2M0YzAiOnsiY3JlYXRlIjoxODAwMDAwMDAwMDAwLCJkZWxldGUiOjE4MDAwMDAwMDAwMDAsInJlYWQiOjMwMDAwMDAwMDAwMCwidXBkYXRlIjoxODAwMDAwMDAwMDAwfX0=",
          "dependencies": [
            "azurerm_resource_group.example_resourcegroup",
            "azurerm_virtual_network.bde_test_vnet"
          ]
        }
      ]
    },
    {
      "mode": "managed",
      "type": "azurerm_subnet",
      "name": "subnet_2",
      "provider": "provider[\"registry.terraform.io/hashicorp/azurerm\"]",
      "instances": [
        {
          "schema_version": 0,
          "attributes": {
            "address_prefix": "10.0.2.0/24",
            "address_prefixes": [
              "10.0.2.0/24"
            ],
            "delegation": [],
            "enforce_private_link_endpoint_network_policies": false,
            "enforce_private_link_service_network_policies": false,
            "id": "/subscriptions/e4363b21-2c35-48eb-a773-c84c8292dfa4/resourceGroups/bde_test_rg/providers/Microsoft.Network/virtualNetworks/bde_test_vnet/subnets/bde_test_subnet2",
            "name": "bde_test_subnet2",
            "resource_group_name": "bde_test_rg",
            "service_endpoint_policy_ids": [],
            "service_endpoints": [],
            "timeouts": null,
            "virtual_network_name": "bde_test_vnet"
          },
          "sensitive_attributes": [],
          "private": "eyJlMmJmYjczMC1lY2FhLTExZTYtOGY4OC0zNDM2M2JjN2M0YzAiOnsiY3JlYXRlIjoxODAwMDAwMDAwMDAwLCJkZWxldGUiOjE4MDAwMDAwMDAwMDAsInJlYWQiOjMwMDAwMDAwMDAwMCwidXBkYXRlIjoxODAwMDAwMDAwMDAwfX0=",
          "dependencies": [
            "azurerm_resource_group.example_resourcegroup",
            "azurerm_virtual_network.bde_test_vnet"
          ]
        }
      ]
    },
    {
      "mode": "managed",
      "type": "azurerm_virtual_machine",
      "name": "vm1",
      "provider": "provider[\"registry.terraform.io/hashicorp/azurerm\"]",
      "instances": [
        {
          "schema_version": 0,
          "attributes": {
            "additional_capabilities": [],
            "availability_set_id": null,
            "boot_diagnostics": [],
            "delete_data_disks_on_termination": false,
            "delete_os_disk_on_termination": false,
            "id": "/subscriptions/e4363b21-2c35-48eb-a773-c84c8292dfa4/resourceGroups/bde_test_rg/providers/Microsoft.Compute/virtualMachines/bde_test_vm1",
            "identity": [],
            "license_type": null,
            "location": "northeurope",
            "name": "bde_test_vm1",
            "network_interface_ids": [
              "/subscriptions/e4363b21-2c35-48eb-a773-c84c8292dfa4/resourceGroups/bde_test_rg/providers/Microsoft.Network/networkInterfaces/bde_test_nic"
            ],
            "os_profile": [
              {
                "admin_password": "",
                "admin_username": "krasi",
                "computer_name": "vm1",
                "custom_data": ""
              }
            ],
            "os_profile_linux_config": [
              {
                "disable_password_authentication": false,
                "ssh_keys": []
              }
            ],
            "os_profile_secrets": [],
            "os_profile_windows_config": [],
            "plan": [],
            "primary_network_interface_id": null,
            "proximity_placement_group_id": null,
            "resource_group_name": "bde_test_rg",
            "storage_data_disk": [],
            "storage_image_reference": [
              {
                "id": "",
                "offer": "Centos",
                "publisher": "OpenLogic",
                "sku": "7.5",
                "version": "latest"
              }
            ],
            "storage_os_disk": [
              {
                "caching": "ReadWrite",
                "create_option": "FromImage",
                "disk_size_gb": 30,
                "image_uri": "",
                "managed_disk_id": "/subscriptions/e4363b21-2c35-48eb-a773-c84c8292dfa4/resourceGroups/bde_test_rg/providers/Microsoft.Compute/disks/bde_test_osdisk",
                "managed_disk_type": "Standard_LRS",
                "name": "bde_test_osdisk",
                "os_type": "Linux",
                "vhd_uri": "",
                "write_accelerator_enabled": false
              }
            ],
            "tags": {},
            "timeouts": null,
            "vm_size": "Standard_B1s",
            "zones": []
          },
          "sensitive_attributes": [],
          "private": "eyJlMmJmYjczMC1lY2FhLTExZTYtOGY4OC0zNDM2M2JjN2M0YzAiOnsiY3JlYXRlIjozNjAwMDAwMDAwMDAwLCJkZWxldGUiOjM2MDAwMDAwMDAwMDAsInJlYWQiOjMwMDAwMDAwMDAwMCwidXBkYXRlIjozNjAwMDAwMDAwMDAwfX0=",
          "dependencies": [
            "azurerm_resource_group.example_resourcegroup",
            "azurerm_subnet.subnet_1",
            "azurerm_virtual_network.bde_test_vnet",
            "azurerm_network_interface.main_nic",
            "azurerm_public_ip.publicIp1"
          ]
        }
      ]
    },
    {
      "mode": "managed",
      "type": "azurerm_virtual_network",
      "name": "bde_test_vnet",
      "provider": "provider[\"registry.terraform.io/hashicorp/azurerm\"]",
      "instances": [
        {
          "schema_version": 0,
          "attributes": {
            "address_space": [
              "10.0.0.0/16"
            ],
            "bgp_community": "",
            "ddos_protection_plan": [],
            "dns_servers": [
              "1.1.1.1",
              "8.8.8.8",
              "8.8.4.4"
            ],
            "guid": "6ff24f4c-ca04-4f92-abd1-f1d017849396",
            "id": "/subscriptions/e4363b21-2c35-48eb-a773-c84c8292dfa4/resourceGroups/bde_test_rg/providers/Microsoft.Network/virtualNetworks/bde_test_vnet",
            "location": "northeurope",
            "name": "bde_test_vnet",
            "resource_group_name": "bde_test_rg",
            "subnet": [
              {
                "address_prefix": "10.0.1.0/24",
                "id": "/subscriptions/e4363b21-2c35-48eb-a773-c84c8292dfa4/resourceGroups/bde_test_rg/providers/Microsoft.Network/virtualNetworks/bde_test_vnet/subnets/bde_test_subnet1",
                "name": "bde_test_subnet1",
                "security_group": ""
              },
              {
                "address_prefix": "10.0.11.0/24",
                "id": "/subscriptions/e4363b21-2c35-48eb-a773-c84c8292dfa4/resourceGroups/bde_test_rg/providers/Microsoft.Network/virtualNetworks/bde_test_vnet/subnets/bde_test_subnet11",
                "name": "bde_test_subnet11",
                "security_group": ""
              },
              {
                "address_prefix": "10.0.12.0/24",
                "id": "/subscriptions/e4363b21-2c35-48eb-a773-c84c8292dfa4/resourceGroups/bde_test_rg/providers/Microsoft.Network/virtualNetworks/bde_test_vnet/subnets/bde_test_subnet12",
                "name": "bde_test_subnet12",
                "security_group": ""
              },
              {
                "address_prefix": "10.0.2.0/24",
                "id": "/subscriptions/e4363b21-2c35-48eb-a773-c84c8292dfa4/resourceGroups/bde_test_rg/providers/Microsoft.Network/virtualNetworks/bde_test_vnet/subnets/bde_test_subnet2",
                "name": "bde_test_subnet2",
                "security_group": ""
              }
            ],
            "tags": {},
            "timeouts": null,
            "vm_protection_enabled": false
          },
          "sensitive_attributes": [],
          "private": "eyJlMmJmYjczMC1lY2FhLTExZTYtOGY4OC0zNDM2M2JjN2M0YzAiOnsiY3JlYXRlIjoxODAwMDAwMDAwMDAwLCJkZWxldGUiOjE4MDAwMDAwMDAwMDAsInJlYWQiOjMwMDAwMDAwMDAwMCwidXBkYXRlIjoxODAwMDAwMDAwMDAwfX0=",
          "dependencies": [
            "azurerm_resource_group.example_resourcegroup"
          ]
        }
      ]
    }
  ]
}
