{
  "version": 4,
  "terraform_version": "1.0.11",
  "serial": 238,
  "lineage": "943eead1-98ec-b649-bb8b-da2a2ee54891",
  "outputs": {
    "client_certificate": {
      "value": "apiVersion: v1\nclusters:\n- cluster:\n    certificate-authority-data: LS0tLS1CRUdJTiBDRVJUSUZJQ0FURS0tLS0tCk1JSUU2RENDQXRDZ0F3SUJBZ0lRQXhoQWRDbVlkN2RmSWd3d0taQnlQVEFOQmdrcWhraUc5dzBCQVFzRkFEQU4KTVFzd0NRWURWUVFERXdKallUQWdGdzB5TWpBeE1UQXhOekF5TURGYUdBOHlNRFV5TURFeE1ERTNNVEl3TVZvdwpEVEVMTUFrR0ExVUVBeE1DWTJFd2dnSWlNQTBHQ1NxR1NJYjNEUUVCQVFVQUE0SUNEd0F3Z2dJS0FvSUNBUUN4CmVPekNKQlV0M1BLZFRmSXVNRmxyYk44NE5ZdmZpTVgwVEZkbjNMekpNTVA0SG9Sei8rWnFYak1SZ2I3QStGNkwKcGJIYXY1OTJGekRQZHd3Z21vdXgzc2RVcFF3bSs4STk4KzgvUHovczdDcDRKOGdvOE1mbThHU21GKyswRno1VApqZFAwdGZSRFhvd04wcVBSZDdqcHdBT1BCRDI3TUpCT0RQTGdRVG55Qmwyb29NRUxJK1RGVkRvYlcrdTUvMkRaCnFrZzFIN2g4blNCVFg0RVJ6VlRrRlozYVNQaFVuc3N0d2QvaWxUT29BZ0pjd0NXeWhYcWtNWC9IYzBEVjRJL2QKK1hNWFZhSkNLa0Q4VnNsamlEU1gvODhuRzhkbHIzM2JVQzJKcEFzTVdEM0N1bFlDNnhPYlo3S1N4VjZZa3pBMwphMGQwSjQ3Vm0vZy8rU3JNUlByTWV4UlFqS0x4Nmh1SEIyY1NoL0NtZ0k0dHZ5c1hycVJXUzBWVEhVLzZFQWxzCk8zdjl1R24xczQxc093RG12YXhoOTA4RHhlMURMSlNqKzFuSHVTR1U5NDZTbTN6eGlzdVF6K3NUTkJQUlliaFgKSXZqMFN1OFRkL1RsazB3QkhUZzFOM2h1ZElDcjFSWHVUbERlU0xLaENLS280TWhRUmNwcWNvTmtRTjF0d0lPagptb3J6NVlWeFFDbmw0cTVYQkNjR3FOUDdwam9MWU1NWFhwWU1VeWNNb0Z4MTBaR2hncmI0ekdHVWQ1cjhzUUgyClFMNjNXSVU0WHpXSldKQVFUdUtkd0djQVZwcnFNNjJFZ2xxeTBXTXdzSEkxWVJzR2pEZVpwRUZwbHByYVhndkkKQUJiYjlJd1lMTjMraldVK29sbmZ1K1VXTHNsbWxPcTFlZndsbjY3Sk53SURBUUFCbzBJd1FEQU9CZ05WSFE4QgpBZjhFQkFNQ0FxUXdEd1lEVlIwVEFRSC9CQVV3QXdFQi96QWRCZ05WSFE0RUZnUVV0TDNVRiszbFluL3hMc1FzCkw3d0p2elRRRWJZd0RRWUpLb1pJaHZjTkFRRUxCUUFEZ2dJQkFBZ2FSOE5YUy9CaXA4Q2RZNnFUZzhXTVBUOHQKcUdOcGlDNFFsMnZPRVZFakdLNjlmc1kvS0JRbFl0TFZEYVJZVWllRWNsbHQwV2RCdE5EZE9aTkJ2SzJQZVJIQgpEeTRJbTNpd2JQb05URWNDOGJYY0VmNXRzc25qZm0xQk1ZYkNXeWNPM0luVzUxNnN5S2dwVDQyNWZ5VXg5bFI0CldyN2dadDVFVEdPNzhraXN3VE0rR1A5ZHlSYndtaldlQTE0Z1JNMFR3S3pqM05SbzRMWGFrYW9pdFR3NElmbloKMi9PZEZTbVVPWWtXeFA0OVM5VHNJQnZwYWxHczMvQlhUeS9ON0FxRDBLZGZIdWVpMDBvKys4QW9yV0pQL2pWVAoxYk5mRlZNQzRZY1l4K294UTVpYlRSSlVzenMyUVRGNHlEZElpMGpSZm1qT09tZm5LNWtFVjc0TkNqRjA5WjFNCkd2TktOZG9kYnVlNldhODBKdG8vL3JaYXNSV3NVb3g0VEg3L0xJbWdIQ3EreEh2cytUTzZVTStlVEtxeTl1K0YKQzBjc3B1TjNRQ3hIUVM1by9jb1VFTXlhVDlYRjRTcC9lMHk2ZzBVRTM2RlllNExjdWszYUcvTHVRUkFyWDBQagpPei9nekUvODVnNzFnUmw2aTY3U0diZzFVQTlKNzNMOG4xWWZoY1U1anRWVjM2Z1ZSWXRSVEpIcDkwNjBuelh2ClZXaUhQYVBrQ0oxQi9Dc2xMczJPNEo2VWtGdFVIbHJocU53aVNKSjV4WUQrRnp6N040M1Z0UTNiN011VVcxSUEKelJxYW1NS0doWE4vdlAweGZRYjQ5SEhkQlNOWVZtc3lCeTlHWlVGTHlXUm5XTXBNbUNDQTN6c1BSV0YxLy9lTwpnTTlEbUZhZzh3TTNCaE5zCi0tLS0tRU5EIENFUlRJRklDQVRFLS0tLS0K\n    server: https://en1tstkk99aks-1485696f.hcp.northeurope.azmk8s.io:443\n  name: en1tstkk99aks\ncontexts:\n- context:\n    cluster: en1tstkk99aks\n    user: clusterUser_en1tstkk99_rg_en1tstkk99aks\n  name: en1tstkk99aks\ncurrent-context: en1tstkk99aks\nkind: Config\npreferences: {}\nusers:\n- name: clusterUser_en1tstkk99_rg_en1tstkk99aks\n  user:\n    client-certificate-data: LS0tLS1CRUdJTiBDRVJUSUZJQ0FURS0tLS0tCk1JSUZIakNDQXdhZ0F3SUJBZ0lSQUk5TFR1R1htaXRFZXdwNDV4eStmWmN3RFFZSktvWklodmNOQVFFTEJRQXcKRFRFTE1Ba0dBMVVFQXhNQ1kyRXdIaGNOTWpJd01URXdNVGN3TWpBeFdoY05NalF3TVRFd01UY3hNakF4V2pBdwpNUmN3RlFZRFZRUUtFdzV6ZVhOMFpXMDZiV0Z6ZEdWeWN6RVZNQk1HQTFVRUF4TU1iV0Z6ZEdWeVkyeHBaVzUwCk1JSUNJakFOQmdrcWhraUc5dzBCQVFFRkFBT0NBZzhBTUlJQ0NnS0NBZ0VBbzdEWThDUlBGUFlZdkVKaHhuU3YKOHFLeVQxY2Ywb1lsVk9NTFhQdExWQ3dTY3JnbUFDbnU1RjVFdSthZkpHNGFoQlVHNm9uaGYwMHJIMEFPbkExZgorU0ozSkUvdUNCdE0vbEsxS2lQS0F3OVNPTjR6Ukg3VWF2VkNSZTlQZ2lKVGJQeEY1U3JBTGVhaFpyZUU4V3lQCmNyaWpBTmNTcExxWXc4QUx5U3o5NDlRZkxpcUFUMzRvSVlhV091aElRbVRUcEJqbitWSVpDUU5aaGtGUTEzbDUKM29zbDJFTTZHN2ZWZjYyUVNyeHRkczk1eFgxUm43ZjJnNzZmVk5mdDE3OEg4aVdjUmlMMmsxZTVCVW0rRkxJQQpWQjVmWW4rVkc0dndsUkFDd3NKQlUySzBlZ21Ba1N2L0lSVGdQNEUvZHJxU2lkZ0I4QWZGVmNoUURFcG1JcTNqCk04eUl5R1ZRN1FhZGgxY0NHK1VyWnB4dWdlZUlRd1dXWFp5aGx4Z1RmdGZJemhPZjBXZkRpb1BnZnBXVzZDdUYKQ3ZUMHJ3Z0M0Q0JlUlk1aHYwdlBGQnpPRGZwb2tSQm52bGdGc0xwTUdxWkZHNzl4NFhvZU1iVGhROVpvV1RhSgpra3NwelZPZ3FIQnhaS1lmWG4rUWpuMkJoaVViVWVqQVhlSkFlUWZwc2xUVytWNVFMRWQ4THZMVlBGUWZxNVQ0Cm15OFR0RStvbjZoZDZPRnRIeGcxY0YrWE5EZTlQZWJZWGg3aC9QYk85L0tuUWExVk1IcDVmK3l4WFV4d1dUM3kKOG1vVjRCVHBYMlFCL2EzUVFDWGFOK2F6bDNOemZtRmE4RmtmK2J1dklmTjd6L1hSQllkSjAvRWF2Wk9XV0hiMQpjYXVDcXErT3ZWbXJpWFVYTXJpZ0ZMY0NBd0VBQWFOV01GUXdEZ1lEVlIwUEFRSC9CQVFEQWdXZ01CTUdBMVVkCkpRUU1NQW9HQ0NzR0FRVUZCd01DTUF3R0ExVWRFd0VCL3dRQ01BQXdId1lEVlIwakJCZ3dGb0FVdEwzVUYrM2wKWW4veExzUXNMN3dKdnpUUUViWXdEUVlKS29aSWh2Y05BUUVMQlFBRGdnSUJBRGNpeUxXb0pCOGEyWnNWY2thNworQUFmWHlDVS9NS3ZmYXJjTE5tdTJjOUFqV0txeDRwYXp1QnJZS2hjdTAvMWwyek9LeWVOTlFIZnc3SHJIdUk1CnlkcHFzSlNFY1l2bnplMlc3U1ZBMEJaTmdzSk5GQWcwRXpEUGFLNzJBZEV5QkR3VHV3aFFKZmNlbTF0S3hIVU4Ka01uMi9CTUtWV1RiSE5vOGkrOVMvbmZwUDkwNFEyRW1JME5QYXB1YXZvTncvSjd0TkFNd2FtaElvdjk5Sm9mSQpwbVRPSUNmZXluRWphcEY0Um1XVXdFMHBWVFRKSWxhaGtKSHM4VCs5RTlmYS8zeWQxSG9NWDRJOE1vR1FIektsCjQ3Z0VDYXBTTFRVVDFjeG9WSkxNVEZlNU96ak0vQk5BUk5KdlVBd2JPR01zSkNVU1Q0TEdvTDhvOEdlSmoxQWYKY21oYzlndzdveFVsM2N3NjR0M2NlS0owV0NHTFlxL0dOTDNDYmdjT3J1RVQxSkFGRFYrUzM0MGV4RUw4L3dsagplQ1A2TjAxaGF0MWVFbU5JVFgwRG5uU3k0K0JuL3JhWWJtRmEzV0RQcUZBby9yVFlWRjk0N2NQWlp4UEFVNkJyCmdrS1JBRkZycWZibHI5MEM1RVNoU2FWNXFxUlFHL0Z4anBjcU1NTzZqVXlTUzZaRzZaRW16U2xVTXVUeWxPS3EKRFpac1lJV3g5MWIrMm9WOVM1aC90YlB4dXhZRzJkeHNxMXVvam1mWEFOaWJrWjdkRjA1aVdQbENGNmxaSEtOMgpjR1o5dXdxL2pxTmU4M2lnQWJvcHBHQzZzUXdSVzlXSlhaQk5NbEgrQVNkM3RuNW9jeWpQTTFzZmMvQ1licVZlCkFxOVNDUXF0V1NQUkFXTGQ4R1h4WHlZcQotLS0tLUVORCBDRVJUSUZJQ0FURS0tLS0tCg==\n    client-key-data: LS0tLS1CRUdJTiBSU0EgUFJJVkFURSBLRVktLS0tLQpNSUlKS1FJQkFBS0NBZ0VBbzdEWThDUlBGUFlZdkVKaHhuU3Y4cUt5VDFjZjBvWWxWT01MWFB0TFZDd1NjcmdtCkFDbnU1RjVFdSthZkpHNGFoQlVHNm9uaGYwMHJIMEFPbkExZitTSjNKRS91Q0J0TS9sSzFLaVBLQXc5U09ONHoKUkg3VWF2VkNSZTlQZ2lKVGJQeEY1U3JBTGVhaFpyZUU4V3lQY3JpakFOY1NwTHFZdzhBTHlTejk0OVFmTGlxQQpUMzRvSVlhV091aElRbVRUcEJqbitWSVpDUU5aaGtGUTEzbDUzb3NsMkVNNkc3ZlZmNjJRU3J4dGRzOTV4WDFSCm43ZjJnNzZmVk5mdDE3OEg4aVdjUmlMMmsxZTVCVW0rRkxJQVZCNWZZbitWRzR2d2xSQUN3c0pCVTJLMGVnbUEKa1N2L0lSVGdQNEUvZHJxU2lkZ0I4QWZGVmNoUURFcG1JcTNqTTh5SXlHVlE3UWFkaDFjQ0crVXJacHh1Z2VlSQpRd1dXWFp5aGx4Z1RmdGZJemhPZjBXZkRpb1BnZnBXVzZDdUZDdlQwcndnQzRDQmVSWTVodjB2UEZCek9EZnBvCmtSQm52bGdGc0xwTUdxWkZHNzl4NFhvZU1iVGhROVpvV1RhSmtrc3B6Vk9ncUhCeFpLWWZYbitRam4yQmhpVWIKVWVqQVhlSkFlUWZwc2xUVytWNVFMRWQ4THZMVlBGUWZxNVQ0bXk4VHRFK29uNmhkNk9GdEh4ZzFjRitYTkRlOQpQZWJZWGg3aC9QYk85L0tuUWExVk1IcDVmK3l4WFV4d1dUM3k4bW9WNEJUcFgyUUIvYTNRUUNYYU4rYXpsM056CmZtRmE4RmtmK2J1dklmTjd6L1hSQllkSjAvRWF2Wk9XV0hiMWNhdUNxcStPdlZtcmlYVVhNcmlnRkxjQ0F3RUEKQVFLQ0FnQlZqa04xRUtVODRYd0FPZm44emxTQVQwVS9idHcxSHVRNFFBdGFhQVh4VXErNXdrSXFaOEJ6SUVwdwpvNU9lYU9YM0R6NTBLK2p1cnBqUlZwdk1PTGxtNy9xeHdnMDVzM3RFbWxvU1VtNXR0djVVdHQ2NCtFbHlOZ3FUCm53ZEJqMHRuZFZ2YThjTk11blMxeVVuMUhiYkVVWGp4SVhpZkhPQm52K0xwSFZqK1VZcVNpS2hUNUM1NWgyelMKRVVKallXdTFJMGRyNnRzbStOYzc4cnVjUStQTXk1SFdQUjBNQzhQTlhoeEMwOFdyQ2JvdDNOaGkwTFpLR2NJUgppR0xLRnhEQ0lhSlNqa2V1cjNVSExJbnJLelk4d1RzOXNrMXUvbSthbWFtM3ZleUM5dDQ1d3VtdDl2NzhmWHJQCjluQURVSFR6RXpIQUVXKzA3R1BhYUxDRmc3bHlMWGtGRFFOMWlpOXZqclNncHBBMHhvQkRYUG5kSWswM0VwclkKTExTZXl1N3lwaXB3SW55SW1ENzVjaUdqNTJKSzZWMFg3cFR5RER4dkpsMVJTcmN5endUL3V3S2Z6bXB5TnFoNAo4czlsNGZrS2lMRUdDdTJUZFJ5dGZlNVV1NWpacFp1V0tibFBWSVNHelNVbE1oa2RaNXhXQWtuTTVtTUFsaE9pCkF5ZEdIYjVFS3hERFJ0aWVJZWRKcm5vNEhkaFR0QXppeEwrYTQvZGdZT1g5M1RUVTdKVlU3S1Jncy9jb2N6SGEKWTdqVStBV05DcFdFNURsbUNsYlhLZ2ljMDlreFI2aFVPZDY0eE92Qm1Mc2F5dFJwQ2EvSHdSRmRjZzdhWTZTdgpmUmZZWXdaRXRSUFV2QmZYajZXZzFUK2pUeHhybkRKaGk2dVhvR1RWd2orYlZuSDRrUUtDQVFFQTBIUU94eEpsCjlSQmpEQ1cyWHpJU1JLUFdwd1JONVNhdXo2M0pKN1o5QkRjVmtYK2pLdW44UFpRcm5rSHZZRlZwL0M3THZmb1oKeFlLUitpZ1JxVDNEQzh5ak5zaFRJRUkvaXhycnNKTlZWOHY2OTg3L2dweFU1YlJxZHBjZGplaGdnVUVEM21XUgpNRVQ4V3d2ZjBIOU9DaU5WdG1VZkt1eE1yakYzNU1mU25iZ1o2ZHF2ZlEvOTArM01IbUJYZ00zM1lYdUI1ekp3CkNhRnRIeW5idi9oaU1kdWQycThmd1NKb0E1UjlPTFRnUmRuM3p2dWsvdmpvM3Bnb1BEV3pKakoxZUd2bVp4T2cKNDRZTVAralpVZTNOb0hKaGd1bW9kUzd6MDYrTU5NV2V6QkhLSjlYc1Q2MkNiVkFKdGhUU0k0RTNHeU4zb2lEeQpQSWU5UXZlSStzSElQUUtDQVFFQXlRY0hrVHlGUXpwNGtENkhqSkw5djY1K25FdjZ4b2JINWZIVFdtaFBtWSt0CkZKSGhwRHY5V3ljVC9FbEliS3gzRzNyeXM3KzlBUTFVcE1Td2ZWeEpwcWh1VmlLbVdlVk91TjRvUDJUNHhqa1AKakRsLzdjTzdWbUxkRjNIS1hCcHpsU3FoZ21ObE96Wks1UWhFV2NxaFVWbWlGZ1JGOWxCK3VtTVlzL25DM0JVQwpKdnNZK2Z3Njk0MXh6NkVPVmJpemR3UWpvTWVlNzB5cFFZVWsrbUZOSUNFQjdHZFR5a1BkMkVNd1JZOFVKL0thCmlaQzMvenE5Y1B0M1ZTTWRrN0dQOXlNMmJEMWVOd2VtZXdtSGs5bmFERzdaT3lHZXhaZEo2ZmM2VWRiN1VwZHkKOS9haGRnNDM1akhza1hkYlFmUHlaUHIzTi9YQ0RsTGhTd2ZIMUhWc0F3S0NBUUVBeFRaMzRLa3NZc3p0R0VuNQpuMWlzNWRtbnMvMmpnSCszZFc0eVdHc1RIZERMakFzWW9Qb2NGVnBBWmdwMVlVdU42UE9RK0p4TWs0c3pkbHRBClVrREhianRkMHU5MWpaaC9xNmg5Z1dIeXBReXIxSlUzTVNlY1BuSVJJejlXeTdJazAwUmlWNTc1M0pQM3VGK2sKa1FwUUY5RlVQeXF1Y1JwOGRYVUJ2Q1c4d2xDeDI0aDA3TG9iWjh5Ymg4V1lJNWs1U1RYak1ZdUxhZUVhYnhoWAorZWdSWnFBaldRakQzeUloQy9vSStvUk5obWh3UlpmWWd3MlVxenVESFd1a29TZXQ4WThMdlV0WnRNaFdnSVJZClRtWFFXOUs3SkhMUldJUmlWRXpLTmdjZGRHNEVOdW55RjNQTmFJUUhuQWRZeEJSMHdTMHQrdXAyb3dPODhFVm0KaCs2YjlRS0NBUUJRazhXL3ZHOTZGQXpSWEk3K2xNaXJOV2xBZ3VBQkJYTkl3eGJCalVBaXdFbFREbXBRWjA5VgpZeU9LbzJFcFZqUGp5dk5QZzFKaUFwTGovSWIxcUxGSTRRaGc5RUNUbGV0cEJIdERkZGlWczdkOHNHdUx4VUhwCkRYV3JlUXZ3d1JXRk8vSkREazQ4WHJYRWVmelR0UG5XWHNRdWFRWVdCZ3ZWNy9TdDV6WG8rMjdDYXpHR3VraDAKZzdpVHplMnVCSHZDLytDOENHZTNhWllLVWpFUlAwRW4yTE1wcS8wVS9RRUdOMkE0OFhIVjFWT0dRb0RPQ0NCNQpFZ0t5R0lJNWVobkhxTkNlc0RaOGZrK0h6N2tOVld3bVFhUkhKR0c4dDdpRDFIb0c1ZElWTitsNFpONHhNTi9OCklFTy94d1RJT2R6MkJ2Wmk4dG9XM2JlNldHTUwwUWs3QW9JQkFRQ3NuRXUzcFlnVWcxZ1JjSi82ZElZeVQxK0YKNkRTNURJUHlJdjk0OGdNRy9tMXJFVk40NVovTlNkN2JvTG90VU9ENjZpRFpOTGlLZS81K0U1NFFBZFRkNmpjcQpVc2tHeTR4Z1M1aHJVeDVHeGZOZ0tnckl4V0xYU1RuQ3VEZmU5OTBMbXN0ajVNTW9jRCtnN3JEY0g5ZU00TUdHCit6Ukw3MnljRlBDdlgwQlI5Wm5OMTlLZ3ZuVFBkY1FrVkdvMnJwbVA3NWNobXNrVFZXTHdHT1dlWDhlalVIN0sKa3o5eEl1S0tkK3VSQ0ZwSUhqU1hBZlJCK1dRdTB4Y2tGRzhLNkhBY21JZGtSZ1E0SHhBM3FHbW5oTk5Ed2c3UwoxSEFpb1BrRkRjOWNFMkZFWFk1Qmd4TGZjcGhFM25jRFNFY2RyYktIS1JZVjR3OWo1UytmYTFHZitXUHAKLS0tLS1FTkQgUlNBIFBSSVZBVEUgS0VZLS0tLS0K\n    token: 0bec0c713cd4a75995ee3c8fa6db282393d8b5e8da1b7b449f22f46ca85cd2d6c0199dd9d56dc87c0a9c4d3fb0c6af25be95c1166c44a6e97d5a4cbb7cf2fb7e\n",
      "type": "string",
      "sensitive": true
    },
    "kube_config": {
      "value": "apiVersion: v1\nclusters:\n- cluster:\n    certificate-authority-data: LS0tLS1CRUdJTiBDRVJUSUZJQ0FURS0tLS0tCk1JSUU2RENDQXRDZ0F3SUJBZ0lRQXhoQWRDbVlkN2RmSWd3d0taQnlQVEFOQmdrcWhraUc5dzBCQVFzRkFEQU4KTVFzd0NRWURWUVFERXdKallUQWdGdzB5TWpBeE1UQXhOekF5TURGYUdBOHlNRFV5TURFeE1ERTNNVEl3TVZvdwpEVEVMTUFrR0ExVUVBeE1DWTJFd2dnSWlNQTBHQ1NxR1NJYjNEUUVCQVFVQUE0SUNEd0F3Z2dJS0FvSUNBUUN4CmVPekNKQlV0M1BLZFRmSXVNRmxyYk44NE5ZdmZpTVgwVEZkbjNMekpNTVA0SG9Sei8rWnFYak1SZ2I3QStGNkwKcGJIYXY1OTJGekRQZHd3Z21vdXgzc2RVcFF3bSs4STk4KzgvUHovczdDcDRKOGdvOE1mbThHU21GKyswRno1VApqZFAwdGZSRFhvd04wcVBSZDdqcHdBT1BCRDI3TUpCT0RQTGdRVG55Qmwyb29NRUxJK1RGVkRvYlcrdTUvMkRaCnFrZzFIN2g4blNCVFg0RVJ6VlRrRlozYVNQaFVuc3N0d2QvaWxUT29BZ0pjd0NXeWhYcWtNWC9IYzBEVjRJL2QKK1hNWFZhSkNLa0Q4VnNsamlEU1gvODhuRzhkbHIzM2JVQzJKcEFzTVdEM0N1bFlDNnhPYlo3S1N4VjZZa3pBMwphMGQwSjQ3Vm0vZy8rU3JNUlByTWV4UlFqS0x4Nmh1SEIyY1NoL0NtZ0k0dHZ5c1hycVJXUzBWVEhVLzZFQWxzCk8zdjl1R24xczQxc093RG12YXhoOTA4RHhlMURMSlNqKzFuSHVTR1U5NDZTbTN6eGlzdVF6K3NUTkJQUlliaFgKSXZqMFN1OFRkL1RsazB3QkhUZzFOM2h1ZElDcjFSWHVUbERlU0xLaENLS280TWhRUmNwcWNvTmtRTjF0d0lPagptb3J6NVlWeFFDbmw0cTVYQkNjR3FOUDdwam9MWU1NWFhwWU1VeWNNb0Z4MTBaR2hncmI0ekdHVWQ1cjhzUUgyClFMNjNXSVU0WHpXSldKQVFUdUtkd0djQVZwcnFNNjJFZ2xxeTBXTXdzSEkxWVJzR2pEZVpwRUZwbHByYVhndkkKQUJiYjlJd1lMTjMraldVK29sbmZ1K1VXTHNsbWxPcTFlZndsbjY3Sk53SURBUUFCbzBJd1FEQU9CZ05WSFE4QgpBZjhFQkFNQ0FxUXdEd1lEVlIwVEFRSC9CQVV3QXdFQi96QWRCZ05WSFE0RUZnUVV0TDNVRiszbFluL3hMc1FzCkw3d0p2elRRRWJZd0RRWUpLb1pJaHZjTkFRRUxCUUFEZ2dJQkFBZ2FSOE5YUy9CaXA4Q2RZNnFUZzhXTVBUOHQKcUdOcGlDNFFsMnZPRVZFakdLNjlmc1kvS0JRbFl0TFZEYVJZVWllRWNsbHQwV2RCdE5EZE9aTkJ2SzJQZVJIQgpEeTRJbTNpd2JQb05URWNDOGJYY0VmNXRzc25qZm0xQk1ZYkNXeWNPM0luVzUxNnN5S2dwVDQyNWZ5VXg5bFI0CldyN2dadDVFVEdPNzhraXN3VE0rR1A5ZHlSYndtaldlQTE0Z1JNMFR3S3pqM05SbzRMWGFrYW9pdFR3NElmbloKMi9PZEZTbVVPWWtXeFA0OVM5VHNJQnZwYWxHczMvQlhUeS9ON0FxRDBLZGZIdWVpMDBvKys4QW9yV0pQL2pWVAoxYk5mRlZNQzRZY1l4K294UTVpYlRSSlVzenMyUVRGNHlEZElpMGpSZm1qT09tZm5LNWtFVjc0TkNqRjA5WjFNCkd2TktOZG9kYnVlNldhODBKdG8vL3JaYXNSV3NVb3g0VEg3L0xJbWdIQ3EreEh2cytUTzZVTStlVEtxeTl1K0YKQzBjc3B1TjNRQ3hIUVM1by9jb1VFTXlhVDlYRjRTcC9lMHk2ZzBVRTM2RlllNExjdWszYUcvTHVRUkFyWDBQagpPei9nekUvODVnNzFnUmw2aTY3U0diZzFVQTlKNzNMOG4xWWZoY1U1anRWVjM2Z1ZSWXRSVEpIcDkwNjBuelh2ClZXaUhQYVBrQ0oxQi9Dc2xMczJPNEo2VWtGdFVIbHJocU53aVNKSjV4WUQrRnp6N040M1Z0UTNiN011VVcxSUEKelJxYW1NS0doWE4vdlAweGZRYjQ5SEhkQlNOWVZtc3lCeTlHWlVGTHlXUm5XTXBNbUNDQTN6c1BSV0YxLy9lTwpnTTlEbUZhZzh3TTNCaE5zCi0tLS0tRU5EIENFUlRJRklDQVRFLS0tLS0K\n    server: https://en1tstkk99aks-1485696f.hcp.northeurope.azmk8s.io:443\n  name: en1tstkk99aks\ncontexts:\n- context:\n    cluster: en1tstkk99aks\n    user: clusterUser_en1tstkk99_rg_en1tstkk99aks\n  name: en1tstkk99aks\ncurrent-context: en1tstkk99aks\nkind: Config\npreferences: {}\nusers:\n- name: clusterUser_en1tstkk99_rg_en1tstkk99aks\n  user:\n    client-certificate-data: LS0tLS1CRUdJTiBDRVJUSUZJQ0FURS0tLS0tCk1JSUZIakNDQXdhZ0F3SUJBZ0lSQUk5TFR1R1htaXRFZXdwNDV4eStmWmN3RFFZSktvWklodmNOQVFFTEJRQXcKRFRFTE1Ba0dBMVVFQXhNQ1kyRXdIaGNOTWpJd01URXdNVGN3TWpBeFdoY05NalF3TVRFd01UY3hNakF4V2pBdwpNUmN3RlFZRFZRUUtFdzV6ZVhOMFpXMDZiV0Z6ZEdWeWN6RVZNQk1HQTFVRUF4TU1iV0Z6ZEdWeVkyeHBaVzUwCk1JSUNJakFOQmdrcWhraUc5dzBCQVFFRkFBT0NBZzhBTUlJQ0NnS0NBZ0VBbzdEWThDUlBGUFlZdkVKaHhuU3YKOHFLeVQxY2Ywb1lsVk9NTFhQdExWQ3dTY3JnbUFDbnU1RjVFdSthZkpHNGFoQlVHNm9uaGYwMHJIMEFPbkExZgorU0ozSkUvdUNCdE0vbEsxS2lQS0F3OVNPTjR6Ukg3VWF2VkNSZTlQZ2lKVGJQeEY1U3JBTGVhaFpyZUU4V3lQCmNyaWpBTmNTcExxWXc4QUx5U3o5NDlRZkxpcUFUMzRvSVlhV091aElRbVRUcEJqbitWSVpDUU5aaGtGUTEzbDUKM29zbDJFTTZHN2ZWZjYyUVNyeHRkczk1eFgxUm43ZjJnNzZmVk5mdDE3OEg4aVdjUmlMMmsxZTVCVW0rRkxJQQpWQjVmWW4rVkc0dndsUkFDd3NKQlUySzBlZ21Ba1N2L0lSVGdQNEUvZHJxU2lkZ0I4QWZGVmNoUURFcG1JcTNqCk04eUl5R1ZRN1FhZGgxY0NHK1VyWnB4dWdlZUlRd1dXWFp5aGx4Z1RmdGZJemhPZjBXZkRpb1BnZnBXVzZDdUYKQ3ZUMHJ3Z0M0Q0JlUlk1aHYwdlBGQnpPRGZwb2tSQm52bGdGc0xwTUdxWkZHNzl4NFhvZU1iVGhROVpvV1RhSgpra3NwelZPZ3FIQnhaS1lmWG4rUWpuMkJoaVViVWVqQVhlSkFlUWZwc2xUVytWNVFMRWQ4THZMVlBGUWZxNVQ0Cm15OFR0RStvbjZoZDZPRnRIeGcxY0YrWE5EZTlQZWJZWGg3aC9QYk85L0tuUWExVk1IcDVmK3l4WFV4d1dUM3kKOG1vVjRCVHBYMlFCL2EzUVFDWGFOK2F6bDNOemZtRmE4RmtmK2J1dklmTjd6L1hSQllkSjAvRWF2Wk9XV0hiMQpjYXVDcXErT3ZWbXJpWFVYTXJpZ0ZMY0NBd0VBQWFOV01GUXdEZ1lEVlIwUEFRSC9CQVFEQWdXZ01CTUdBMVVkCkpRUU1NQW9HQ0NzR0FRVUZCd01DTUF3R0ExVWRFd0VCL3dRQ01BQXdId1lEVlIwakJCZ3dGb0FVdEwzVUYrM2wKWW4veExzUXNMN3dKdnpUUUViWXdEUVlKS29aSWh2Y05BUUVMQlFBRGdnSUJBRGNpeUxXb0pCOGEyWnNWY2thNworQUFmWHlDVS9NS3ZmYXJjTE5tdTJjOUFqV0txeDRwYXp1QnJZS2hjdTAvMWwyek9LeWVOTlFIZnc3SHJIdUk1CnlkcHFzSlNFY1l2bnplMlc3U1ZBMEJaTmdzSk5GQWcwRXpEUGFLNzJBZEV5QkR3VHV3aFFKZmNlbTF0S3hIVU4Ka01uMi9CTUtWV1RiSE5vOGkrOVMvbmZwUDkwNFEyRW1JME5QYXB1YXZvTncvSjd0TkFNd2FtaElvdjk5Sm9mSQpwbVRPSUNmZXluRWphcEY0Um1XVXdFMHBWVFRKSWxhaGtKSHM4VCs5RTlmYS8zeWQxSG9NWDRJOE1vR1FIektsCjQ3Z0VDYXBTTFRVVDFjeG9WSkxNVEZlNU96ak0vQk5BUk5KdlVBd2JPR01zSkNVU1Q0TEdvTDhvOEdlSmoxQWYKY21oYzlndzdveFVsM2N3NjR0M2NlS0owV0NHTFlxL0dOTDNDYmdjT3J1RVQxSkFGRFYrUzM0MGV4RUw4L3dsagplQ1A2TjAxaGF0MWVFbU5JVFgwRG5uU3k0K0JuL3JhWWJtRmEzV0RQcUZBby9yVFlWRjk0N2NQWlp4UEFVNkJyCmdrS1JBRkZycWZibHI5MEM1RVNoU2FWNXFxUlFHL0Z4anBjcU1NTzZqVXlTUzZaRzZaRW16U2xVTXVUeWxPS3EKRFpac1lJV3g5MWIrMm9WOVM1aC90YlB4dXhZRzJkeHNxMXVvam1mWEFOaWJrWjdkRjA1aVdQbENGNmxaSEtOMgpjR1o5dXdxL2pxTmU4M2lnQWJvcHBHQzZzUXdSVzlXSlhaQk5NbEgrQVNkM3RuNW9jeWpQTTFzZmMvQ1licVZlCkFxOVNDUXF0V1NQUkFXTGQ4R1h4WHlZcQotLS0tLUVORCBDRVJUSUZJQ0FURS0tLS0tCg==\n    client-key-data: LS0tLS1CRUdJTiBSU0EgUFJJVkFURSBLRVktLS0tLQpNSUlKS1FJQkFBS0NBZ0VBbzdEWThDUlBGUFlZdkVKaHhuU3Y4cUt5VDFjZjBvWWxWT01MWFB0TFZDd1NjcmdtCkFDbnU1RjVFdSthZkpHNGFoQlVHNm9uaGYwMHJIMEFPbkExZitTSjNKRS91Q0J0TS9sSzFLaVBLQXc5U09ONHoKUkg3VWF2VkNSZTlQZ2lKVGJQeEY1U3JBTGVhaFpyZUU4V3lQY3JpakFOY1NwTHFZdzhBTHlTejk0OVFmTGlxQQpUMzRvSVlhV091aElRbVRUcEJqbitWSVpDUU5aaGtGUTEzbDUzb3NsMkVNNkc3ZlZmNjJRU3J4dGRzOTV4WDFSCm43ZjJnNzZmVk5mdDE3OEg4aVdjUmlMMmsxZTVCVW0rRkxJQVZCNWZZbitWRzR2d2xSQUN3c0pCVTJLMGVnbUEKa1N2L0lSVGdQNEUvZHJxU2lkZ0I4QWZGVmNoUURFcG1JcTNqTTh5SXlHVlE3UWFkaDFjQ0crVXJacHh1Z2VlSQpRd1dXWFp5aGx4Z1RmdGZJemhPZjBXZkRpb1BnZnBXVzZDdUZDdlQwcndnQzRDQmVSWTVodjB2UEZCek9EZnBvCmtSQm52bGdGc0xwTUdxWkZHNzl4NFhvZU1iVGhROVpvV1RhSmtrc3B6Vk9ncUhCeFpLWWZYbitRam4yQmhpVWIKVWVqQVhlSkFlUWZwc2xUVytWNVFMRWQ4THZMVlBGUWZxNVQ0bXk4VHRFK29uNmhkNk9GdEh4ZzFjRitYTkRlOQpQZWJZWGg3aC9QYk85L0tuUWExVk1IcDVmK3l4WFV4d1dUM3k4bW9WNEJUcFgyUUIvYTNRUUNYYU4rYXpsM056CmZtRmE4RmtmK2J1dklmTjd6L1hSQllkSjAvRWF2Wk9XV0hiMWNhdUNxcStPdlZtcmlYVVhNcmlnRkxjQ0F3RUEKQVFLQ0FnQlZqa04xRUtVODRYd0FPZm44emxTQVQwVS9idHcxSHVRNFFBdGFhQVh4VXErNXdrSXFaOEJ6SUVwdwpvNU9lYU9YM0R6NTBLK2p1cnBqUlZwdk1PTGxtNy9xeHdnMDVzM3RFbWxvU1VtNXR0djVVdHQ2NCtFbHlOZ3FUCm53ZEJqMHRuZFZ2YThjTk11blMxeVVuMUhiYkVVWGp4SVhpZkhPQm52K0xwSFZqK1VZcVNpS2hUNUM1NWgyelMKRVVKallXdTFJMGRyNnRzbStOYzc4cnVjUStQTXk1SFdQUjBNQzhQTlhoeEMwOFdyQ2JvdDNOaGkwTFpLR2NJUgppR0xLRnhEQ0lhSlNqa2V1cjNVSExJbnJLelk4d1RzOXNrMXUvbSthbWFtM3ZleUM5dDQ1d3VtdDl2NzhmWHJQCjluQURVSFR6RXpIQUVXKzA3R1BhYUxDRmc3bHlMWGtGRFFOMWlpOXZqclNncHBBMHhvQkRYUG5kSWswM0VwclkKTExTZXl1N3lwaXB3SW55SW1ENzVjaUdqNTJKSzZWMFg3cFR5RER4dkpsMVJTcmN5endUL3V3S2Z6bXB5TnFoNAo4czlsNGZrS2lMRUdDdTJUZFJ5dGZlNVV1NWpacFp1V0tibFBWSVNHelNVbE1oa2RaNXhXQWtuTTVtTUFsaE9pCkF5ZEdIYjVFS3hERFJ0aWVJZWRKcm5vNEhkaFR0QXppeEwrYTQvZGdZT1g5M1RUVTdKVlU3S1Jncy9jb2N6SGEKWTdqVStBV05DcFdFNURsbUNsYlhLZ2ljMDlreFI2aFVPZDY0eE92Qm1Mc2F5dFJwQ2EvSHdSRmRjZzdhWTZTdgpmUmZZWXdaRXRSUFV2QmZYajZXZzFUK2pUeHhybkRKaGk2dVhvR1RWd2orYlZuSDRrUUtDQVFFQTBIUU94eEpsCjlSQmpEQ1cyWHpJU1JLUFdwd1JONVNhdXo2M0pKN1o5QkRjVmtYK2pLdW44UFpRcm5rSHZZRlZwL0M3THZmb1oKeFlLUitpZ1JxVDNEQzh5ak5zaFRJRUkvaXhycnNKTlZWOHY2OTg3L2dweFU1YlJxZHBjZGplaGdnVUVEM21XUgpNRVQ4V3d2ZjBIOU9DaU5WdG1VZkt1eE1yakYzNU1mU25iZ1o2ZHF2ZlEvOTArM01IbUJYZ00zM1lYdUI1ekp3CkNhRnRIeW5idi9oaU1kdWQycThmd1NKb0E1UjlPTFRnUmRuM3p2dWsvdmpvM3Bnb1BEV3pKakoxZUd2bVp4T2cKNDRZTVAralpVZTNOb0hKaGd1bW9kUzd6MDYrTU5NV2V6QkhLSjlYc1Q2MkNiVkFKdGhUU0k0RTNHeU4zb2lEeQpQSWU5UXZlSStzSElQUUtDQVFFQXlRY0hrVHlGUXpwNGtENkhqSkw5djY1K25FdjZ4b2JINWZIVFdtaFBtWSt0CkZKSGhwRHY5V3ljVC9FbEliS3gzRzNyeXM3KzlBUTFVcE1Td2ZWeEpwcWh1VmlLbVdlVk91TjRvUDJUNHhqa1AKakRsLzdjTzdWbUxkRjNIS1hCcHpsU3FoZ21ObE96Wks1UWhFV2NxaFVWbWlGZ1JGOWxCK3VtTVlzL25DM0JVQwpKdnNZK2Z3Njk0MXh6NkVPVmJpemR3UWpvTWVlNzB5cFFZVWsrbUZOSUNFQjdHZFR5a1BkMkVNd1JZOFVKL0thCmlaQzMvenE5Y1B0M1ZTTWRrN0dQOXlNMmJEMWVOd2VtZXdtSGs5bmFERzdaT3lHZXhaZEo2ZmM2VWRiN1VwZHkKOS9haGRnNDM1akhza1hkYlFmUHlaUHIzTi9YQ0RsTGhTd2ZIMUhWc0F3S0NBUUVBeFRaMzRLa3NZc3p0R0VuNQpuMWlzNWRtbnMvMmpnSCszZFc0eVdHc1RIZERMakFzWW9Qb2NGVnBBWmdwMVlVdU42UE9RK0p4TWs0c3pkbHRBClVrREhianRkMHU5MWpaaC9xNmg5Z1dIeXBReXIxSlUzTVNlY1BuSVJJejlXeTdJazAwUmlWNTc1M0pQM3VGK2sKa1FwUUY5RlVQeXF1Y1JwOGRYVUJ2Q1c4d2xDeDI0aDA3TG9iWjh5Ymg4V1lJNWs1U1RYak1ZdUxhZUVhYnhoWAorZWdSWnFBaldRakQzeUloQy9vSStvUk5obWh3UlpmWWd3MlVxenVESFd1a29TZXQ4WThMdlV0WnRNaFdnSVJZClRtWFFXOUs3SkhMUldJUmlWRXpLTmdjZGRHNEVOdW55RjNQTmFJUUhuQWRZeEJSMHdTMHQrdXAyb3dPODhFVm0KaCs2YjlRS0NBUUJRazhXL3ZHOTZGQXpSWEk3K2xNaXJOV2xBZ3VBQkJYTkl3eGJCalVBaXdFbFREbXBRWjA5VgpZeU9LbzJFcFZqUGp5dk5QZzFKaUFwTGovSWIxcUxGSTRRaGc5RUNUbGV0cEJIdERkZGlWczdkOHNHdUx4VUhwCkRYV3JlUXZ3d1JXRk8vSkREazQ4WHJYRWVmelR0UG5XWHNRdWFRWVdCZ3ZWNy9TdDV6WG8rMjdDYXpHR3VraDAKZzdpVHplMnVCSHZDLytDOENHZTNhWllLVWpFUlAwRW4yTE1wcS8wVS9RRUdOMkE0OFhIVjFWT0dRb0RPQ0NCNQpFZ0t5R0lJNWVobkhxTkNlc0RaOGZrK0h6N2tOVld3bVFhUkhKR0c4dDdpRDFIb0c1ZElWTitsNFpONHhNTi9OCklFTy94d1RJT2R6MkJ2Wmk4dG9XM2JlNldHTUwwUWs3QW9JQkFRQ3NuRXUzcFlnVWcxZ1JjSi82ZElZeVQxK0YKNkRTNURJUHlJdjk0OGdNRy9tMXJFVk40NVovTlNkN2JvTG90VU9ENjZpRFpOTGlLZS81K0U1NFFBZFRkNmpjcQpVc2tHeTR4Z1M1aHJVeDVHeGZOZ0tnckl4V0xYU1RuQ3VEZmU5OTBMbXN0ajVNTW9jRCtnN3JEY0g5ZU00TUdHCit6Ukw3MnljRlBDdlgwQlI5Wm5OMTlLZ3ZuVFBkY1FrVkdvMnJwbVA3NWNobXNrVFZXTHdHT1dlWDhlalVIN0sKa3o5eEl1S0tkK3VSQ0ZwSUhqU1hBZlJCK1dRdTB4Y2tGRzhLNkhBY21JZGtSZ1E0SHhBM3FHbW5oTk5Ed2c3UwoxSEFpb1BrRkRjOWNFMkZFWFk1Qmd4TGZjcGhFM25jRFNFY2RyYktIS1JZVjR3OWo1UytmYTFHZitXUHAKLS0tLS1FTkQgUlNBIFBSSVZBVEUgS0VZLS0tLS0K\n    token: 0bec0c713cd4a75995ee3c8fa6db282393d8b5e8da1b7b449f22f46ca85cd2d6c0199dd9d56dc87c0a9c4d3fb0c6af25be95c1166c44a6e97d5a4cbb7cf2fb7e\n",
      "type": "string",
      "sensitive": true
    },
    "vm_ip_priv": {
      "value": "10.0.1.4",
      "type": "string"
    },
    "vm_ip_pub": {
      "value": "40.113.14.116",
      "type": "string"
    }
  },
  "resources": [
    {
      "mode": "data",
      "type": "template_file",
      "name": "userdata_vm1",
      "provider": "provider[\"registry.terraform.io/hashicorp/template\"]",
      "instances": [
        {
          "schema_version": 0,
          "attributes": {
            "filename": null,
            "id": "4b137433a97b0c2b0b7bdb8176858c54282218dccf93b1ca01f948980ba9239c",
            "rendered": "#!/bin/bash\necho Krasi123 | sudo -S su\nyum install -y epel-release\nyum install -y nginx\nsystemctl restart nginx\n\necho \"Finished!\"",
            "template": "#!/bin/bash\necho ${password} | sudo -S su\nyum install -y epel-release\nyum install -y nginx\nsystemctl restart nginx\n\necho \"Finished!\"",
            "vars": {
              "password": "Krasi123"
            }
          },
          "sensitive_attributes": []
        }
      ]
    },
    {
      "mode": "managed",
      "type": "azurerm_network_interface",
      "name": "main_nic",
      "provider": "provider[\"registry.terraform.io/hashicorp/azurerm\"]",
      "instances": [
        {
          "schema_version": 0,
          "attributes": {
            "applied_dns_servers": [],
            "dns_servers": [],
            "enable_accelerated_networking": false,
            "enable_ip_forwarding": false,
            "id": "/subscriptions/e4363b21-2c35-48eb-a773-c84c8292dfa4/resourceGroups/en1tstkk99_rg/providers/Microsoft.Network/networkInterfaces/en1tstkk99_nic",
            "internal_dns_name_label": "",
            "internal_domain_name_suffix": "weutnx1ou3pezf5beitul0kj3b.fx.internal.cloudapp.net",
            "ip_configuration": [
              {
                "name": "en1tstkk99_nic_ip",
                "primary": true,
                "private_ip_address": "10.0.1.4",
                "private_ip_address_allocation": "Dynamic",
                "private_ip_address_version": "IPv4",
                "public_ip_address_id": "/subscriptions/e4363b21-2c35-48eb-a773-c84c8292dfa4/resourceGroups/en1tstkk99_rg/providers/Microsoft.Network/publicIPAddresses/en1tstkk99_publicIp1",
                "subnet_id": "/subscriptions/e4363b21-2c35-48eb-a773-c84c8292dfa4/resourceGroups/en1tstkk99_rg/providers/Microsoft.Network/virtualNetworks/en1tstkk99_vnet/subnets/en1tstkk99_subnet1"
              }
            ],
            "location": "northeurope",
            "mac_address": "00-22-48-9E-6A-61",
            "name": "en1tstkk99_nic",
            "private_ip_address": "10.0.1.4",
            "private_ip_addresses": [
              "10.0.1.4"
            ],
            "resource_group_name": "en1tstkk99_rg",
            "tags": {},
            "timeouts": null,
            "virtual_machine_id": "/subscriptions/e4363b21-2c35-48eb-a773-c84c8292dfa4/resourceGroups/en1tstkk99_rg/providers/Microsoft.Compute/virtualMachines/en1tstkk99_vm1"
          },
          "sensitive_attributes": [],
          "private": "eyJlMmJmYjczMC1lY2FhLTExZTYtOGY4OC0zNDM2M2JjN2M0YzAiOnsiY3JlYXRlIjoxODAwMDAwMDAwMDAwLCJkZWxldGUiOjE4MDAwMDAwMDAwMDAsInJlYWQiOjMwMDAwMDAwMDAwMCwidXBkYXRlIjoxODAwMDAwMDAwMDAwfX0=",
          "dependencies": [
            "azurerm_virtual_network.bde_test_vnet",
            "azurerm_public_ip.publicIp1",
            "azurerm_resource_group.example_resourcegroup",
            "azurerm_subnet.subnet_1"
          ]
        }
      ]
    },
    {
      "mode": "managed",
      "type": "azurerm_network_security_group",
      "name": "main_aks",
      "provider": "provider[\"registry.terraform.io/hashicorp/azurerm\"]",
      "instances": [
        {
          "schema_version": 0,
          "attributes": {
            "id": "/subscriptions/e4363b21-2c35-48eb-a773-c84c8292dfa4/resourceGroups/en1tstkk99_rg/providers/Microsoft.Network/networkSecurityGroups/en1tstkk99_sg_aks",
            "location": "northeurope",
            "name": "en1tstkk99_sg_aks",
            "resource_group_name": "en1tstkk99_rg",
            "security_rule": [],
            "tags": null,
            "timeouts": null
          },
          "sensitive_attributes": [],
          "private": "eyJlMmJmYjczMC1lY2FhLTExZTYtOGY4OC0zNDM2M2JjN2M0YzAiOnsiY3JlYXRlIjoxODAwMDAwMDAwMDAwLCJkZWxldGUiOjE4MDAwMDAwMDAwMDAsInJlYWQiOjMwMDAwMDAwMDAwMCwidXBkYXRlIjoxODAwMDAwMDAwMDAwfX0=",
          "dependencies": [
            "azurerm_resource_group.example_resourcegroup"
          ]
        }
      ]
    },
    {
      "mode": "managed",
      "type": "azurerm_network_security_group",
      "name": "main_sg",
      "provider": "provider[\"registry.terraform.io/hashicorp/azurerm\"]",
      "instances": [
        {
          "schema_version": 0,
          "attributes": {
            "id": "/subscriptions/e4363b21-2c35-48eb-a773-c84c8292dfa4/resourceGroups/en1tstkk99_rg/providers/Microsoft.Network/networkSecurityGroups/en1tstkk99_sg_main",
            "location": "northeurope",
            "name": "en1tstkk99_sg_main",
            "resource_group_name": "en1tstkk99_rg",
            "security_rule": [
              {
                "access": "Allow",
                "description": "",
                "destination_address_prefix": "",
                "destination_address_prefixes": [
                  "10.0.1.0/24",
                  "10.0.2.0/24"
                ],
                "destination_application_security_group_ids": [],
                "destination_port_range": "80",
                "destination_port_ranges": [],
                "direction": "Inbound",
                "name": "en1tstkk99_rule80_ext",
                "priority": 150,
                "protocol": "Tcp",
                "source_address_prefix": "*",
                "source_address_prefixes": [],
                "source_application_security_group_ids": [],
                "source_port_range": "*",
                "source_port_ranges": []
              }
            ],
            "tags": {},
            "timeouts": null
          },
          "sensitive_attributes": [],
          "private": "eyJlMmJmYjczMC1lY2FhLTExZTYtOGY4OC0zNDM2M2JjN2M0YzAiOnsiY3JlYXRlIjoxODAwMDAwMDAwMDAwLCJkZWxldGUiOjE4MDAwMDAwMDAwMDAsInJlYWQiOjMwMDAwMDAwMDAwMCwidXBkYXRlIjoxODAwMDAwMDAwMDAwfX0=",
          "dependencies": [
            "azurerm_resource_group.example_resourcegroup"
          ]
        }
      ]
    },
    {
      "mode": "managed",
      "type": "azurerm_network_security_rule",
      "name": "name",
      "provider": "provider[\"registry.terraform.io/hashicorp/azurerm\"]",
      "instances": [
        {
          "schema_version": 0,
          "attributes": {
            "access": "Allow",
            "description": "",
            "destination_address_prefix": "",
            "destination_address_prefixes": [
              "10.0.64.0/20"
            ],
            "destination_application_security_group_ids": null,
            "destination_port_range": "443",
            "destination_port_ranges": null,
            "direction": "Inbound",
            "id": "/subscriptions/e4363b21-2c35-48eb-a773-c84c8292dfa4/resourceGroups/en1tstkk99_rg/providers/Microsoft.Network/networkSecurityGroups/en1tstkk99_sg_aks/securityRules/en1tstkk99_sg_aks_rule_main",
            "name": "en1tstkk99_sg_aks_rule_main",
            "network_security_group_name": "en1tstkk99_sg_aks",
            "priority": 150,
            "protocol": "Tcp",
            "resource_group_name": "en1tstkk99_rg",
            "source_address_prefix": "*",
            "source_address_prefixes": null,
            "source_application_security_group_ids": null,
            "source_port_range": "*",
            "source_port_ranges": null,
            "timeouts": null
          },
          "sensitive_attributes": [],
          "private": "eyJlMmJmYjczMC1lY2FhLTExZTYtOGY4OC0zNDM2M2JjN2M0YzAiOnsiY3JlYXRlIjoxODAwMDAwMDAwMDAwLCJkZWxldGUiOjE4MDAwMDAwMDAwMDAsInJlYWQiOjMwMDAwMDAwMDAwMCwidXBkYXRlIjoxODAwMDAwMDAwMDAwfX0=",
          "dependencies": [
            "azurerm_network_security_group.main_aks",
            "azurerm_resource_group.example_resourcegroup",
            "azurerm_subnet.subnet_aks",
            "azurerm_virtual_network.bde_test_vnet"
          ]
        }
      ]
    },
    {
      "mode": "managed",
      "type": "azurerm_network_security_rule",
      "name": "rule80",
      "provider": "provider[\"registry.terraform.io/hashicorp/azurerm\"]",
      "instances": [
        {
          "schema_version": 0,
          "attributes": {
            "access": "Allow",
            "description": "",
            "destination_address_prefix": "",
            "destination_address_prefixes": [
              "10.0.1.0/24",
              "10.0.2.0/24"
            ],
            "destination_application_security_group_ids": [],
            "destination_port_range": "80",
            "destination_port_ranges": [],
            "direction": "Inbound",
            "id": "/subscriptions/e4363b21-2c35-48eb-a773-c84c8292dfa4/resourceGroups/en1tstkk99_rg/providers/Microsoft.Network/networkSecurityGroups/en1tstkk99_sg_main/securityRules/en1tstkk99_rule80_ext",
            "name": "en1tstkk99_rule80_ext",
            "network_security_group_name": "en1tstkk99_sg_main",
            "priority": 150,
            "protocol": "Tcp",
            "resource_group_name": "en1tstkk99_rg",
            "source_address_prefix": "*",
            "source_address_prefixes": [],
            "source_application_security_group_ids": [],
            "source_port_range": "*",
            "source_port_ranges": [],
            "timeouts": null
          },
          "sensitive_attributes": [],
          "private": "eyJlMmJmYjczMC1lY2FhLTExZTYtOGY4OC0zNDM2M2JjN2M0YzAiOnsiY3JlYXRlIjoxODAwMDAwMDAwMDAwLCJkZWxldGUiOjE4MDAwMDAwMDAwMDAsInJlYWQiOjMwMDAwMDAwMDAwMCwidXBkYXRlIjoxODAwMDAwMDAwMDAwfX0=",
          "dependencies": [
            "azurerm_network_security_group.main_sg",
            "azurerm_resource_group.example_resourcegroup",
            "azurerm_subnet.subnet_1",
            "azurerm_subnet.subnet_2",
            "azurerm_virtual_network.bde_test_vnet"
          ]
        }
      ]
    },
    {
      "mode": "managed",
      "type": "azurerm_public_ip",
      "name": "k8sIngressIp",
      "provider": "provider[\"registry.terraform.io/hashicorp/azurerm\"]",
      "instances": [
        {
          "schema_version": 0,
          "attributes": {
            "allocation_method": "Static",
            "domain_name_label": null,
            "fqdn": null,
            "id": "/subscriptions/e4363b21-2c35-48eb-a773-c84c8292dfa4/resourceGroups/en1tstkk99_rg/providers/Microsoft.Network/publicIPAddresses/k8sIngressIp",
            "idle_timeout_in_minutes": 4,
            "ip_address": "40.69.207.158",
            "ip_version": "IPv4",
            "location": "northeurope",
            "name": "k8sIngressIp",
            "public_ip_prefix_id": null,
            "resource_group_name": "en1tstkk99_rg",
            "reverse_fqdn": null,
            "sku": "Basic",
            "tags": {},
            "timeouts": null,
            "zones": []
          },
          "sensitive_attributes": [],
          "private": "eyJlMmJmYjczMC1lY2FhLTExZTYtOGY4OC0zNDM2M2JjN2M0YzAiOnsiY3JlYXRlIjoxODAwMDAwMDAwMDAwLCJkZWxldGUiOjE4MDAwMDAwMDAwMDAsInJlYWQiOjMwMDAwMDAwMDAwMCwidXBkYXRlIjoxODAwMDAwMDAwMDAwfX0=",
          "dependencies": [
            "azurerm_resource_group.example_resourcegroup"
          ]
        }
      ]
    },
    {
      "mode": "managed",
      "type": "azurerm_public_ip",
      "name": "publicIp1",
      "provider": "provider[\"registry.terraform.io/hashicorp/azurerm\"]",
      "instances": [
        {
          "schema_version": 0,
          "attributes": {
            "allocation_method": "Static",
            "domain_name_label": null,
            "fqdn": null,
            "id": "/subscriptions/e4363b21-2c35-48eb-a773-c84c8292dfa4/resourceGroups/en1tstkk99_rg/providers/Microsoft.Network/publicIPAddresses/en1tstkk99_publicIp1",
            "idle_timeout_in_minutes": 4,
            "ip_address": "40.113.14.116",
            "ip_version": "IPv4",
            "location": "northeurope",
            "name": "en1tstkk99_publicIp1",
            "public_ip_prefix_id": null,
            "resource_group_name": "en1tstkk99_rg",
            "reverse_fqdn": null,
            "sku": "Basic",
            "tags": {},
            "timeouts": null,
            "zones": []
          },
          "sensitive_attributes": [],
          "private": "eyJlMmJmYjczMC1lY2FhLTExZTYtOGY4OC0zNDM2M2JjN2M0YzAiOnsiY3JlYXRlIjoxODAwMDAwMDAwMDAwLCJkZWxldGUiOjE4MDAwMDAwMDAwMDAsInJlYWQiOjMwMDAwMDAwMDAwMCwidXBkYXRlIjoxODAwMDAwMDAwMDAwfX0=",
          "dependencies": [
            "azurerm_resource_group.example_resourcegroup"
          ]
        }
      ]
    },
    {
      "mode": "managed",
      "type": "azurerm_resource_group",
      "name": "example_resourcegroup",
      "provider": "provider[\"registry.terraform.io/hashicorp/azurerm\"]",
      "instances": [
        {
          "schema_version": 0,
          "attributes": {
            "id": "/subscriptions/e4363b21-2c35-48eb-a773-c84c8292dfa4/resourceGroups/en1tstkk99_rg",
            "location": "northeurope",
            "name": "en1tstkk99_rg",
            "tags": {},
            "timeouts": null
          },
          "sensitive_attributes": [],
          "private": "eyJlMmJmYjczMC1lY2FhLTExZTYtOGY4OC0zNDM2M2JjN2M0YzAiOnsiY3JlYXRlIjo1NDAwMDAwMDAwMDAwLCJkZWxldGUiOjU0MDAwMDAwMDAwMDAsInJlYWQiOjMwMDAwMDAwMDAwMCwidXBkYXRlIjo1NDAwMDAwMDAwMDAwfX0="
        }
      ]
    },
    {
      "mode": "managed",
      "type": "azurerm_subnet",
      "name": "subnet_1",
      "provider": "provider[\"registry.terraform.io/hashicorp/azurerm\"]",
      "instances": [
        {
          "schema_version": 0,
          "attributes": {
            "address_prefix": "10.0.1.0/24",
            "address_prefixes": [
              "10.0.1.0/24"
            ],
            "delegation": [],
            "enforce_private_link_endpoint_network_policies": false,
            "enforce_private_link_service_network_policies": false,
            "id": "/subscriptions/e4363b21-2c35-48eb-a773-c84c8292dfa4/resourceGroups/en1tstkk99_rg/providers/Microsoft.Network/virtualNetworks/en1tstkk99_vnet/subnets/en1tstkk99_subnet1",
            "name": "en1tstkk99_subnet1",
            "resource_group_name": "en1tstkk99_rg",
            "service_endpoint_policy_ids": [],
            "service_endpoints": [],
            "timeouts": null,
            "virtual_network_name": "en1tstkk99_vnet"
          },
          "sensitive_attributes": [],
          "private": "eyJlMmJmYjczMC1lY2FhLTExZTYtOGY4OC0zNDM2M2JjN2M0YzAiOnsiY3JlYXRlIjoxODAwMDAwMDAwMDAwLCJkZWxldGUiOjE4MDAwMDAwMDAwMDAsInJlYWQiOjMwMDAwMDAwMDAwMCwidXBkYXRlIjoxODAwMDAwMDAwMDAwfX0=",
          "dependencies": [
            "azurerm_resource_group.example_resourcegroup",
            "azurerm_virtual_network.bde_test_vnet"
          ]
        }
      ]
    },
    {
      "mode": "managed",
      "type": "azurerm_subnet",
      "name": "subnet_11",
      "provider": "provider[\"registry.terraform.io/hashicorp/azurerm\"]",
      "instances": [
        {
          "schema_version": 0,
          "attributes": {
            "address_prefix": "10.0.11.0/24",
            "address_prefixes": [
              "10.0.11.0/24"
            ],
            "delegation": [],
            "enforce_private_link_endpoint_network_policies": false,
            "enforce_private_link_service_network_policies": false,
            "id": "/subscriptions/e4363b21-2c35-48eb-a773-c84c8292dfa4/resourceGroups/en1tstkk99_rg/providers/Microsoft.Network/virtualNetworks/en1tstkk99_vnet/subnets/en1tstkk99_subnet11",
            "name": "en1tstkk99_subnet11",
            "resource_group_name": "en1tstkk99_rg",
            "service_endpoint_policy_ids": [],
            "service_endpoints": [],
            "timeouts": null,
            "virtual_network_name": "en1tstkk99_vnet"
          },
          "sensitive_attributes": [],
          "private": "eyJlMmJmYjczMC1lY2FhLTExZTYtOGY4OC0zNDM2M2JjN2M0YzAiOnsiY3JlYXRlIjoxODAwMDAwMDAwMDAwLCJkZWxldGUiOjE4MDAwMDAwMDAwMDAsInJlYWQiOjMwMDAwMDAwMDAwMCwidXBkYXRlIjoxODAwMDAwMDAwMDAwfX0=",
          "dependencies": [
            "azurerm_resource_group.example_resourcegroup",
            "azurerm_virtual_network.bde_test_vnet"
          ]
        }
      ]
    },
    {
      "mode": "managed",
      "type": "azurerm_subnet",
      "name": "subnet_12",
      "provider": "provider[\"registry.terraform.io/hashicorp/azurerm\"]",
      "instances": [
        {
          "schema_version": 0,
          "attributes": {
            "address_prefix": "10.0.12.0/24",
            "address_prefixes": [
              "10.0.12.0/24"
            ],
            "delegation": [],
            "enforce_private_link_endpoint_network_policies": false,
            "enforce_private_link_service_network_policies": false,
            "id": "/subscriptions/e4363b21-2c35-48eb-a773-c84c8292dfa4/resourceGroups/en1tstkk99_rg/providers/Microsoft.Network/virtualNetworks/en1tstkk99_vnet/subnets/en1tstkk99_subnet12",
            "name": "en1tstkk99_subnet12",
            "resource_group_name": "en1tstkk99_rg",
            "service_endpoint_policy_ids": [],
            "service_endpoints": [],
            "timeouts": null,
            "virtual_network_name": "en1tstkk99_vnet"
          },
          "sensitive_attributes": [],
          "private": "eyJlMmJmYjczMC1lY2FhLTExZTYtOGY4OC0zNDM2M2JjN2M0YzAiOnsiY3JlYXRlIjoxODAwMDAwMDAwMDAwLCJkZWxldGUiOjE4MDAwMDAwMDAwMDAsInJlYWQiOjMwMDAwMDAwMDAwMCwidXBkYXRlIjoxODAwMDAwMDAwMDAwfX0=",
          "dependencies": [
            "azurerm_resource_group.example_resourcegroup",
            "azurerm_virtual_network.bde_test_vnet"
          ]
        }
      ]
    },
    {
      "mode": "managed",
      "type": "azurerm_subnet",
      "name": "subnet_2",
      "provider": "provider[\"registry.terraform.io/hashicorp/azurerm\"]",
      "instances": [
        {
          "schema_version": 0,
          "attributes": {
            "address_prefix": "10.0.2.0/24",
            "address_prefixes": [
              "10.0.2.0/24"
            ],
            "delegation": [],
            "enforce_private_link_endpoint_network_policies": false,
            "enforce_private_link_service_network_policies": false,
            "id": "/subscriptions/e4363b21-2c35-48eb-a773-c84c8292dfa4/resourceGroups/en1tstkk99_rg/providers/Microsoft.Network/virtualNetworks/en1tstkk99_vnet/subnets/en1tstkk99_subnet2",
            "name": "en1tstkk99_subnet2",
            "resource_group_name": "en1tstkk99_rg",
            "service_endpoint_policy_ids": [],
            "service_endpoints": [],
            "timeouts": null,
            "virtual_network_name": "en1tstkk99_vnet"
          },
          "sensitive_attributes": [],
          "private": "eyJlMmJmYjczMC1lY2FhLTExZTYtOGY4OC0zNDM2M2JjN2M0YzAiOnsiY3JlYXRlIjoxODAwMDAwMDAwMDAwLCJkZWxldGUiOjE4MDAwMDAwMDAwMDAsInJlYWQiOjMwMDAwMDAwMDAwMCwidXBkYXRlIjoxODAwMDAwMDAwMDAwfX0=",
          "dependencies": [
            "azurerm_resource_group.example_resourcegroup",
            "azurerm_virtual_network.bde_test_vnet"
          ]
        }
      ]
    },
    {
      "mode": "managed",
      "type": "azurerm_subnet",
      "name": "subnet_aks",
      "provider": "provider[\"registry.terraform.io/hashicorp/azurerm\"]",
      "instances": [
        {
          "schema_version": 0,
          "attributes": {
            "address_prefix": "10.0.64.0/20",
            "address_prefixes": [
              "10.0.64.0/20"
            ],
            "delegation": [],
            "enforce_private_link_endpoint_network_policies": false,
            "enforce_private_link_service_network_policies": false,
            "id": "/subscriptions/e4363b21-2c35-48eb-a773-c84c8292dfa4/resourceGroups/en1tstkk99_rg/providers/Microsoft.Network/virtualNetworks/en1tstkk99_vnet/subnets/en1tstkk99_subnet_aks",
            "name": "en1tstkk99_subnet_aks",
            "resource_group_name": "en1tstkk99_rg",
            "service_endpoint_policy_ids": null,
            "service_endpoints": null,
            "timeouts": null,
            "virtual_network_name": "en1tstkk99_vnet"
          },
          "sensitive_attributes": [],
          "private": "eyJlMmJmYjczMC1lY2FhLTExZTYtOGY4OC0zNDM2M2JjN2M0YzAiOnsiY3JlYXRlIjoxODAwMDAwMDAwMDAwLCJkZWxldGUiOjE4MDAwMDAwMDAwMDAsInJlYWQiOjMwMDAwMDAwMDAwMCwidXBkYXRlIjoxODAwMDAwMDAwMDAwfX0=",
          "dependencies": [
            "azurerm_resource_group.example_resourcegroup",
            "azurerm_virtual_network.bde_test_vnet"
          ]
        }
      ]
    },
    {
      "mode": "managed",
      "type": "azurerm_virtual_machine",
      "name": "vm1",
      "provider": "provider[\"registry.terraform.io/hashicorp/azurerm\"]",
      "instances": [
        {
          "schema_version": 0,
          "attributes": {
            "additional_capabilities": [],
            "availability_set_id": null,
            "boot_diagnostics": [],
            "delete_data_disks_on_termination": false,
            "delete_os_disk_on_termination": false,
            "id": "/subscriptions/e4363b21-2c35-48eb-a773-c84c8292dfa4/resourceGroups/en1tstkk99_rg/providers/Microsoft.Compute/virtualMachines/en1tstkk99_vm1",
            "identity": [],
            "license_type": null,
            "location": "northeurope",
            "name": "en1tstkk99_vm1",
            "network_interface_ids": [
              "/subscriptions/e4363b21-2c35-48eb-a773-c84c8292dfa4/resourceGroups/en1tstkk99_rg/providers/Microsoft.Network/networkInterfaces/en1tstkk99_nic"
            ],
            "os_profile": [
              {
                "admin_password": "",
                "admin_username": "krasi",
                "computer_name": "vm1",
                "custom_data": ""
              }
            ],
            "os_profile_linux_config": [
              {
                "disable_password_authentication": false,
                "ssh_keys": [
                  {
                    "key_data": "ssh-rsa AAAAB3NzaC1yc2EAAAADAQABAAABgQDAg3RTH8uWUOwIrBkwY/RRfFeqo6pqrgYNy/891gvNw4ZdoRtUAMPyUsIrjnrzCB4DdG4093U/mCKGKfb0dv4tKOUuV6k4wtdU6pzQ6E4dsZE0anqcuDKnp9/jwkEKWkxXCwIfQJmvW4odFqV0+Bnr4O1AfwuI/EQscXesJTRd+Nmafho/NXwS8L4qTFY7HTi0AQFeBKANP9oqRc4xkkCPYVhbtglnETQTKJDjp91D0PZqkWihDRtKsoV7jLp4ehBX+JryJBQdXAhnfDH+Hqc+Gt9iUR+pUei1KGNPPz0oVy50Qq5IfG3P3YnQ78IRifew4VSLVOEJQxnOda0xcRhSzmoHlhV2mE0zc2UXnaOds4953BnjJ31BvA/zVg2FmnBpnhvwZFSdgfXjSrdIf12fk7IaN9Y/TAtFaSj4gWfr6zfqXBv+IuQ6k3qlGbgjfZ71CESw9jKJu+TppjqPcVVw34nuadoFx4jlV2T572K+HbPhqf0u+yaYeWHL0u0V7tc= krasimir.koev@BGGLOBAL9696",
                    "path": "/home/krasi/.ssh/authorized_keys"
                  }
                ]
              }
            ],
            "os_profile_secrets": [],
            "os_profile_windows_config": [],
            "plan": [],
            "primary_network_interface_id": null,
            "proximity_placement_group_id": null,
            "resource_group_name": "en1tstkk99_rg",
            "storage_data_disk": [],
            "storage_image_reference": [
              {
                "id": "",
                "offer": "Centos",
                "publisher": "OpenLogic",
                "sku": "7.5",
                "version": "latest"
              }
            ],
            "storage_os_disk": [
              {
                "caching": "ReadWrite",
                "create_option": "FromImage",
                "disk_size_gb": 30,
                "image_uri": "",
                "managed_disk_id": "/subscriptions/e4363b21-2c35-48eb-a773-c84c8292dfa4/resourceGroups/en1tstkk99_rg/providers/Microsoft.Compute/disks/en1tstkk99_osdisk1",
                "managed_disk_type": "Standard_LRS",
                "name": "en1tstkk99_osdisk1",
                "os_type": "Linux",
                "vhd_uri": "",
                "write_accelerator_enabled": false
              }
            ],
            "tags": {},
            "timeouts": null,
            "vm_size": "Standard_B1s",
            "zones": []
          },
          "sensitive_attributes": [],
          "private": "eyJlMmJmYjczMC1lY2FhLTExZTYtOGY4OC0zNDM2M2JjN2M0YzAiOnsiY3JlYXRlIjozNjAwMDAwMDAwMDAwLCJkZWxldGUiOjM2MDAwMDAwMDAwMDAsInJlYWQiOjMwMDAwMDAwMDAwMCwidXBkYXRlIjozNjAwMDAwMDAwMDAwfX0=",
          "dependencies": [
            "azurerm_network_interface.main_nic",
            "azurerm_public_ip.publicIp1",
            "azurerm_resource_group.example_resourcegroup",
            "azurerm_subnet.subnet_1",
            "azurerm_virtual_network.bde_test_vnet"
          ]
        }
      ]
    },
    {
      "mode": "managed",
      "type": "azurerm_virtual_network",
      "name": "bde_test_vnet",
      "provider": "provider[\"registry.terraform.io/hashicorp/azurerm\"]",
      "instances": [
        {
          "schema_version": 0,
          "attributes": {
            "address_space": [
              "10.0.0.0/16"
            ],
            "bgp_community": "",
            "ddos_protection_plan": [],
            "dns_servers": [
              "1.1.1.1",
              "8.8.8.8",
              "8.8.4.4"
            ],
            "guid": "df3629b1-a76e-4c5e-97e1-222745e949e9",
            "id": "/subscriptions/e4363b21-2c35-48eb-a773-c84c8292dfa4/resourceGroups/en1tstkk99_rg/providers/Microsoft.Network/virtualNetworks/en1tstkk99_vnet",
            "location": "northeurope",
            "name": "en1tstkk99_vnet",
            "resource_group_name": "en1tstkk99_rg",
            "subnet": [
              {
                "address_prefix": "10.0.1.0/24",
                "id": "/subscriptions/e4363b21-2c35-48eb-a773-c84c8292dfa4/resourceGroups/en1tstkk99_rg/providers/Microsoft.Network/virtualNetworks/en1tstkk99_vnet/subnets/en1tstkk99_subnet1",
                "name": "en1tstkk99_subnet1",
                "security_group": ""
              },
              {
                "address_prefix": "10.0.11.0/24",
                "id": "/subscriptions/e4363b21-2c35-48eb-a773-c84c8292dfa4/resourceGroups/en1tstkk99_rg/providers/Microsoft.Network/virtualNetworks/en1tstkk99_vnet/subnets/en1tstkk99_subnet11",
                "name": "en1tstkk99_subnet11",
                "security_group": ""
              },
              {
                "address_prefix": "10.0.12.0/24",
                "id": "/subscriptions/e4363b21-2c35-48eb-a773-c84c8292dfa4/resourceGroups/en1tstkk99_rg/providers/Microsoft.Network/virtualNetworks/en1tstkk99_vnet/subnets/en1tstkk99_subnet12",
                "name": "en1tstkk99_subnet12",
                "security_group": ""
              },
              {
                "address_prefix": "10.0.2.0/24",
                "id": "/subscriptions/e4363b21-2c35-48eb-a773-c84c8292dfa4/resourceGroups/en1tstkk99_rg/providers/Microsoft.Network/virtualNetworks/en1tstkk99_vnet/subnets/en1tstkk99_subnet2",
                "name": "en1tstkk99_subnet2",
                "security_group": ""
              }
            ],
            "tags": {},
            "timeouts": null,
            "vm_protection_enabled": false
          },
          "sensitive_attributes": [],
          "private": "eyJlMmJmYjczMC1lY2FhLTExZTYtOGY4OC0zNDM2M2JjN2M0YzAiOnsiY3JlYXRlIjoxODAwMDAwMDAwMDAwLCJkZWxldGUiOjE4MDAwMDAwMDAwMDAsInJlYWQiOjMwMDAwMDAwMDAwMCwidXBkYXRlIjoxODAwMDAwMDAwMDAwfX0=",
          "dependencies": [
            "azurerm_resource_group.example_resourcegroup"
          ]
        }
      ]
    },
    {
      "mode": "managed",
      "type": "helm_release",
      "name": "nginxIngress",
      "provider": "provider[\"registry.terraform.io/hashicorp/helm\"]",
      "instances": [
        {
          "status": "tainted",
          "schema_version": 0,
          "attributes": {
            "atomic": false,
            "chart": "ingress-nginx",
            "cleanup_on_fail": false,
            "create_namespace": false,
            "dependency_update": false,
            "description": null,
            "devel": null,
            "disable_crd_hooks": false,
            "disable_openapi_validation": false,
            "disable_webhooks": false,
            "force_update": false,
            "id": "nginx-ingress",
            "keyring": null,
            "lint": false,
            "manifest": null,
            "max_history": 0,
            "metadata": [
              {
                "app_version": "1.1.0",
                "chart": "ingress-nginx",
                "name": "nginx-ingress",
                "namespace": "default",
                "revision": 1,
                "values": "{\"controller\":{\"nodeSelector\":{\"beta.kubernetes.io/os\":\"linux\"},\"service\":{\"annotations\":{\"service\":{\"beta.kubernetes.io/azure-load-balancer-resource-group\":\"en1tstkk99_rg\"}},\"externalTrafficPolicy\":\"Local\",\"loadBalancerIP\":\"40.69.207.158\",\"type\":\"LoadBalancer\"}},\"defaultBackend\":{\"nodeSelector\":{\"beta.kubernetes.io/os\":\"linux\"}},\"namespace\":\"nginx-ingress\"}",
                "version": "4.0.13"
              }
            ],
            "name": "nginx-ingress",
            "namespace": "default",
            "postrender": [],
            "recreate_pods": false,
            "render_subchart_notes": true,
            "replace": false,
            "repository": "https://kubernetes.github.io/ingress-nginx",
            "repository_ca_file": null,
            "repository_cert_file": null,
            "repository_key_file": null,
            "repository_password": null,
            "repository_username": null,
            "reset_values": false,
            "reuse_values": false,
            "set": [
              {
                "name": "controller.nodeSelector.beta\\.kubernetes\\.io/os",
                "type": "",
                "value": "linux"
              },
              {
                "name": "controller.service.annotations.service.beta\\.kubernetes\\.io/azure-load-balancer-resource-group",
                "type": "",
                "value": "en1tstkk99_rg"
              },
              {
                "name": "controller.service.externalTrafficPolicy",
                "type": "",
                "value": "Local"
              },
              {
                "name": "controller.service.loadBalancerIP",
                "type": "",
                "value": "40.69.207.158"
              },
              {
                "name": "controller.service.type",
                "type": "",
                "value": "LoadBalancer"
              },
              {
                "name": "defaultBackend.nodeSelector.beta\\.kubernetes\\.io/os",
                "type": "",
                "value": "linux"
              },
              {
                "name": "namespace",
                "type": "",
                "value": "nginx-ingress"
              }
            ],
            "set_sensitive": [],
            "skip_crds": false,
            "status": "failed",
            "timeout": 300,
            "values": null,
            "verify": false,
            "version": "4.0.13",
            "wait": true,
            "wait_for_jobs": false
          },
          "sensitive_attributes": [],
          "private": "bnVsbA==",
          "dependencies": [
            "azurerm_public_ip.k8sIngressIp",
            "azurerm_resource_group.example_resourcegroup"
          ]
        }
      ]
    },
    {
      "mode": "managed",
      "type": "null_resource",
      "name": "local",
      "provider": "provider[\"registry.terraform.io/hashicorp/null\"]",
      "instances": [
        {
          "schema_version": 0,
          "attributes": {
            "id": "2120567076563994452",
            "triggers": {
              "t1": "6b9be14a33c9dc2caab49b015eea991b"
            }
          },
          "sensitive_attributes": [],
          "private": "bnVsbA=="
        }
      ]
    },
    {
      "mode": "managed",
      "type": "null_resource",
      "name": "provision",
      "provider": "provider[\"registry.terraform.io/hashicorp/null\"]",
      "instances": [
        {
          "schema_version": 0,
          "attributes": {
            "id": "7960378078266879183",
            "triggers": null
          },
          "sensitive_attributes": [],
          "private": "bnVsbA==",
          "dependencies": [
            "azurerm_public_ip.publicIp1",
            "azurerm_resource_group.example_resourcegroup",
            "data.template_file.userdata_vm1"
          ]
        }
      ]
    }
  ]
}
