{
  "version": 4,
  "terraform_version": "1.0.11",
  "serial": 106,
  "lineage": "943eead1-98ec-b649-bb8b-da2a2ee54891",
  "outputs": {
    "vm_ip_priv": {
      "value": "10.0.1.4",
      "type": "string"
    },
    "vm_ip_pub": {
      "value": "20.123.27.20",
      "type": "string"
    }
  },
  "resources": [
    {
      "mode": "data",
      "type": "template_file",
      "name": "userdata_vm1",
      "provider": "provider[\"registry.terraform.io/hashicorp/template\"]",
      "instances": [
        {
          "schema_version": 0,
          "attributes": {
            "filename": null,
            "id": "4b137433a97b0c2b0b7bdb8176858c54282218dccf93b1ca01f948980ba9239c",
            "rendered": "#!/bin/bash\necho Krasi123 | sudo -S su\nyum install -y epel-release\nyum install -y nginx\nsystemctl restart nginx\n\necho \"Finished!\"",
            "template": "#!/bin/bash\necho ${password} | sudo -S su\nyum install -y epel-release\nyum install -y nginx\nsystemctl restart nginx\n\necho \"Finished!\"",
            "vars": {
              "password": "Krasi123"
            }
          },
          "sensitive_attributes": []
        }
      ]
    },
    {
      "mode": "managed",
      "type": "azurerm_network_interface",
      "name": "main_nic",
      "provider": "provider[\"registry.terraform.io/hashicorp/azurerm\"]",
      "instances": [
        {
          "schema_version": 0,
          "attributes": {
            "applied_dns_servers": [],
            "dns_servers": [],
            "enable_accelerated_networking": false,
            "enable_ip_forwarding": false,
            "id": "/subscriptions/e4363b21-2c35-48eb-a773-c84c8292dfa4/resourceGroups/en1tstkk99_rg/providers/Microsoft.Network/networkInterfaces/en1tstkk99_nic",
            "internal_dns_name_label": "",
            "internal_domain_name_suffix": "x4ejjnzk5o4evlywifxszpul5d.fx.internal.cloudapp.net",
            "ip_configuration": [
              {
                "name": "en1tstkk99_nic_ip",
                "primary": true,
                "private_ip_address": "10.0.1.4",
                "private_ip_address_allocation": "Dynamic",
                "private_ip_address_version": "IPv4",
                "public_ip_address_id": "/subscriptions/e4363b21-2c35-48eb-a773-c84c8292dfa4/resourceGroups/en1tstkk99_rg/providers/Microsoft.Network/publicIPAddresses/en1tstkk99_publicIp1",
                "subnet_id": "/subscriptions/e4363b21-2c35-48eb-a773-c84c8292dfa4/resourceGroups/en1tstkk99_rg/providers/Microsoft.Network/virtualNetworks/en1tstkk99_vnet/subnets/en1tstkk99_subnet1"
              }
            ],
            "location": "northeurope",
            "mac_address": "00-22-48-99-95-C7",
            "name": "en1tstkk99_nic",
            "private_ip_address": "10.0.1.4",
            "private_ip_addresses": [
              "10.0.1.4"
            ],
            "resource_group_name": "en1tstkk99_rg",
            "tags": {},
            "timeouts": null,
            "virtual_machine_id": "/subscriptions/e4363b21-2c35-48eb-a773-c84c8292dfa4/resourceGroups/en1tstkk99_rg/providers/Microsoft.Compute/virtualMachines/en1tstkk99_vm1"
          },
          "sensitive_attributes": [],
          "private": "eyJlMmJmYjczMC1lY2FhLTExZTYtOGY4OC0zNDM2M2JjN2M0YzAiOnsiY3JlYXRlIjoxODAwMDAwMDAwMDAwLCJkZWxldGUiOjE4MDAwMDAwMDAwMDAsInJlYWQiOjMwMDAwMDAwMDAwMCwidXBkYXRlIjoxODAwMDAwMDAwMDAwfX0=",
          "dependencies": [
            "azurerm_public_ip.publicIp1",
            "azurerm_resource_group.example_resourcegroup",
            "azurerm_subnet.subnet_1",
            "azurerm_virtual_network.bde_test_vnet"
          ]
        }
      ]
    },
    {
      "mode": "managed",
      "type": "azurerm_network_security_group",
      "name": "main_sg",
      "provider": "provider[\"registry.terraform.io/hashicorp/azurerm\"]",
      "instances": [
        {
          "schema_version": 0,
          "attributes": {
            "id": "/subscriptions/e4363b21-2c35-48eb-a773-c84c8292dfa4/resourceGroups/en1tstkk99_rg/providers/Microsoft.Network/networkSecurityGroups/en1tstkk99_sg_main",
            "location": "northeurope",
            "name": "en1tstkk99_sg_main",
            "resource_group_name": "en1tstkk99_rg",
            "security_rule": [
              {
                "access": "Allow",
                "description": "",
                "destination_address_prefix": "",
                "destination_address_prefixes": [
                  "10.0.1.0/24",
                  "10.0.2.0/24"
                ],
                "destination_application_security_group_ids": [],
                "destination_port_range": "80",
                "destination_port_ranges": [],
                "direction": "Inbound",
                "name": "en1tstkk99_rule80_ext",
                "priority": 150,
                "protocol": "Tcp",
                "source_address_prefix": "*",
                "source_address_prefixes": [],
                "source_application_security_group_ids": [],
                "source_port_range": "*",
                "source_port_ranges": []
              }
            ],
            "tags": {},
            "timeouts": null
          },
          "sensitive_attributes": [],
          "private": "eyJlMmJmYjczMC1lY2FhLTExZTYtOGY4OC0zNDM2M2JjN2M0YzAiOnsiY3JlYXRlIjoxODAwMDAwMDAwMDAwLCJkZWxldGUiOjE4MDAwMDAwMDAwMDAsInJlYWQiOjMwMDAwMDAwMDAwMCwidXBkYXRlIjoxODAwMDAwMDAwMDAwfX0=",
          "dependencies": [
            "azurerm_resource_group.example_resourcegroup"
          ]
        }
      ]
    },
    {
      "mode": "managed",
      "type": "azurerm_network_security_rule",
      "name": "rule80",
      "provider": "provider[\"registry.terraform.io/hashicorp/azurerm\"]",
      "instances": [
        {
          "schema_version": 0,
          "attributes": {
            "access": "Allow",
            "description": "",
            "destination_address_prefix": "",
            "destination_address_prefixes": [
              "10.0.1.0/24",
              "10.0.2.0/24"
            ],
            "destination_application_security_group_ids": [],
            "destination_port_range": "80",
            "destination_port_ranges": [],
            "direction": "Inbound",
            "id": "/subscriptions/e4363b21-2c35-48eb-a773-c84c8292dfa4/resourceGroups/en1tstkk99_rg/providers/Microsoft.Network/networkSecurityGroups/en1tstkk99_sg_main/securityRules/en1tstkk99_rule80_ext",
            "name": "en1tstkk99_rule80_ext",
            "network_security_group_name": "en1tstkk99_sg_main",
            "priority": 150,
            "protocol": "Tcp",
            "resource_group_name": "en1tstkk99_rg",
            "source_address_prefix": "*",
            "source_address_prefixes": [],
            "source_application_security_group_ids": [],
            "source_port_range": "*",
            "source_port_ranges": [],
            "timeouts": null
          },
          "sensitive_attributes": [],
          "private": "eyJlMmJmYjczMC1lY2FhLTExZTYtOGY4OC0zNDM2M2JjN2M0YzAiOnsiY3JlYXRlIjoxODAwMDAwMDAwMDAwLCJkZWxldGUiOjE4MDAwMDAwMDAwMDAsInJlYWQiOjMwMDAwMDAwMDAwMCwidXBkYXRlIjoxODAwMDAwMDAwMDAwfX0=",
          "dependencies": [
            "azurerm_network_security_group.main_sg",
            "azurerm_resource_group.example_resourcegroup",
            "azurerm_subnet.subnet_1",
            "azurerm_subnet.subnet_2",
            "azurerm_virtual_network.bde_test_vnet"
          ]
        }
      ]
    },
    {
      "mode": "managed",
      "type": "azurerm_public_ip",
      "name": "publicIp1",
      "provider": "provider[\"registry.terraform.io/hashicorp/azurerm\"]",
      "instances": [
        {
          "schema_version": 0,
          "attributes": {
            "allocation_method": "Static",
            "domain_name_label": null,
            "fqdn": null,
            "id": "/subscriptions/e4363b21-2c35-48eb-a773-c84c8292dfa4/resourceGroups/en1tstkk99_rg/providers/Microsoft.Network/publicIPAddresses/en1tstkk99_publicIp1",
            "idle_timeout_in_minutes": 4,
            "ip_address": "20.123.27.20",
            "ip_version": "IPv4",
            "location": "northeurope",
            "name": "en1tstkk99_publicIp1",
            "public_ip_prefix_id": null,
            "resource_group_name": "en1tstkk99_rg",
            "reverse_fqdn": null,
            "sku": "Basic",
            "tags": {},
            "timeouts": null,
            "zones": []
          },
          "sensitive_attributes": [],
          "private": "eyJlMmJmYjczMC1lY2FhLTExZTYtOGY4OC0zNDM2M2JjN2M0YzAiOnsiY3JlYXRlIjoxODAwMDAwMDAwMDAwLCJkZWxldGUiOjE4MDAwMDAwMDAwMDAsInJlYWQiOjMwMDAwMDAwMDAwMCwidXBkYXRlIjoxODAwMDAwMDAwMDAwfX0=",
          "dependencies": [
            "azurerm_resource_group.example_resourcegroup"
          ]
        }
      ]
    },
    {
      "mode": "managed",
      "type": "azurerm_resource_group",
      "name": "example_resourcegroup",
      "provider": "provider[\"registry.terraform.io/hashicorp/azurerm\"]",
      "instances": [
        {
          "schema_version": 0,
          "attributes": {
            "id": "/subscriptions/e4363b21-2c35-48eb-a773-c84c8292dfa4/resourceGroups/en1tstkk99_rg",
            "location": "northeurope",
            "name": "en1tstkk99_rg",
            "tags": {},
            "timeouts": null
          },
          "sensitive_attributes": [],
          "private": "eyJlMmJmYjczMC1lY2FhLTExZTYtOGY4OC0zNDM2M2JjN2M0YzAiOnsiY3JlYXRlIjo1NDAwMDAwMDAwMDAwLCJkZWxldGUiOjU0MDAwMDAwMDAwMDAsInJlYWQiOjMwMDAwMDAwMDAwMCwidXBkYXRlIjo1NDAwMDAwMDAwMDAwfX0="
        }
      ]
    },
    {
      "mode": "managed",
      "type": "azurerm_subnet",
      "name": "subnet_1",
      "provider": "provider[\"registry.terraform.io/hashicorp/azurerm\"]",
      "instances": [
        {
          "schema_version": 0,
          "attributes": {
            "address_prefix": "10.0.1.0/24",
            "address_prefixes": [
              "10.0.1.0/24"
            ],
            "delegation": [],
            "enforce_private_link_endpoint_network_policies": false,
            "enforce_private_link_service_network_policies": false,
            "id": "/subscriptions/e4363b21-2c35-48eb-a773-c84c8292dfa4/resourceGroups/en1tstkk99_rg/providers/Microsoft.Network/virtualNetworks/en1tstkk99_vnet/subnets/en1tstkk99_subnet1",
            "name": "en1tstkk99_subnet1",
            "resource_group_name": "en1tstkk99_rg",
            "service_endpoint_policy_ids": [],
            "service_endpoints": [],
            "timeouts": null,
            "virtual_network_name": "en1tstkk99_vnet"
          },
          "sensitive_attributes": [],
          "private": "eyJlMmJmYjczMC1lY2FhLTExZTYtOGY4OC0zNDM2M2JjN2M0YzAiOnsiY3JlYXRlIjoxODAwMDAwMDAwMDAwLCJkZWxldGUiOjE4MDAwMDAwMDAwMDAsInJlYWQiOjMwMDAwMDAwMDAwMCwidXBkYXRlIjoxODAwMDAwMDAwMDAwfX0=",
          "dependencies": [
            "azurerm_resource_group.example_resourcegroup",
            "azurerm_virtual_network.bde_test_vnet"
          ]
        }
      ]
    },
    {
      "mode": "managed",
      "type": "azurerm_subnet",
      "name": "subnet_11",
      "provider": "provider[\"registry.terraform.io/hashicorp/azurerm\"]",
      "instances": [
        {
          "schema_version": 0,
          "attributes": {
            "address_prefix": "10.0.11.0/24",
            "address_prefixes": [
              "10.0.11.0/24"
            ],
            "delegation": [],
            "enforce_private_link_endpoint_network_policies": false,
            "enforce_private_link_service_network_policies": false,
            "id": "/subscriptions/e4363b21-2c35-48eb-a773-c84c8292dfa4/resourceGroups/en1tstkk99_rg/providers/Microsoft.Network/virtualNetworks/en1tstkk99_vnet/subnets/en1tstkk99_subnet11",
            "name": "en1tstkk99_subnet11",
            "resource_group_name": "en1tstkk99_rg",
            "service_endpoint_policy_ids": [],
            "service_endpoints": [],
            "timeouts": null,
            "virtual_network_name": "en1tstkk99_vnet"
          },
          "sensitive_attributes": [],
          "private": "eyJlMmJmYjczMC1lY2FhLTExZTYtOGY4OC0zNDM2M2JjN2M0YzAiOnsiY3JlYXRlIjoxODAwMDAwMDAwMDAwLCJkZWxldGUiOjE4MDAwMDAwMDAwMDAsInJlYWQiOjMwMDAwMDAwMDAwMCwidXBkYXRlIjoxODAwMDAwMDAwMDAwfX0=",
          "dependencies": [
            "azurerm_virtual_network.bde_test_vnet",
            "azurerm_resource_group.example_resourcegroup"
          ]
        }
      ]
    },
    {
      "mode": "managed",
      "type": "azurerm_subnet",
      "name": "subnet_12",
      "provider": "provider[\"registry.terraform.io/hashicorp/azurerm\"]",
      "instances": [
        {
          "schema_version": 0,
          "attributes": {
            "address_prefix": "10.0.12.0/24",
            "address_prefixes": [
              "10.0.12.0/24"
            ],
            "delegation": [],
            "enforce_private_link_endpoint_network_policies": false,
            "enforce_private_link_service_network_policies": false,
            "id": "/subscriptions/e4363b21-2c35-48eb-a773-c84c8292dfa4/resourceGroups/en1tstkk99_rg/providers/Microsoft.Network/virtualNetworks/en1tstkk99_vnet/subnets/en1tstkk99_subnet12",
            "name": "en1tstkk99_subnet12",
            "resource_group_name": "en1tstkk99_rg",
            "service_endpoint_policy_ids": [],
            "service_endpoints": [],
            "timeouts": null,
            "virtual_network_name": "en1tstkk99_vnet"
          },
          "sensitive_attributes": [],
          "private": "eyJlMmJmYjczMC1lY2FhLTExZTYtOGY4OC0zNDM2M2JjN2M0YzAiOnsiY3JlYXRlIjoxODAwMDAwMDAwMDAwLCJkZWxldGUiOjE4MDAwMDAwMDAwMDAsInJlYWQiOjMwMDAwMDAwMDAwMCwidXBkYXRlIjoxODAwMDAwMDAwMDAwfX0=",
          "dependencies": [
            "azurerm_resource_group.example_resourcegroup",
            "azurerm_virtual_network.bde_test_vnet"
          ]
        }
      ]
    },
    {
      "mode": "managed",
      "type": "azurerm_subnet",
      "name": "subnet_2",
      "provider": "provider[\"registry.terraform.io/hashicorp/azurerm\"]",
      "instances": [
        {
          "schema_version": 0,
          "attributes": {
            "address_prefix": "10.0.2.0/24",
            "address_prefixes": [
              "10.0.2.0/24"
            ],
            "delegation": [],
            "enforce_private_link_endpoint_network_policies": false,
            "enforce_private_link_service_network_policies": false,
            "id": "/subscriptions/e4363b21-2c35-48eb-a773-c84c8292dfa4/resourceGroups/en1tstkk99_rg/providers/Microsoft.Network/virtualNetworks/en1tstkk99_vnet/subnets/en1tstkk99_subnet2",
            "name": "en1tstkk99_subnet2",
            "resource_group_name": "en1tstkk99_rg",
            "service_endpoint_policy_ids": [],
            "service_endpoints": [],
            "timeouts": null,
            "virtual_network_name": "en1tstkk99_vnet"
          },
          "sensitive_attributes": [],
          "private": "eyJlMmJmYjczMC1lY2FhLTExZTYtOGY4OC0zNDM2M2JjN2M0YzAiOnsiY3JlYXRlIjoxODAwMDAwMDAwMDAwLCJkZWxldGUiOjE4MDAwMDAwMDAwMDAsInJlYWQiOjMwMDAwMDAwMDAwMCwidXBkYXRlIjoxODAwMDAwMDAwMDAwfX0=",
          "dependencies": [
            "azurerm_resource_group.example_resourcegroup",
            "azurerm_virtual_network.bde_test_vnet"
          ]
        }
      ]
    },
    {
      "mode": "managed",
      "type": "azurerm_virtual_machine",
      "name": "vm1",
      "provider": "provider[\"registry.terraform.io/hashicorp/azurerm\"]",
      "instances": [
        {
          "schema_version": 0,
          "attributes": {
            "additional_capabilities": [],
            "availability_set_id": null,
            "boot_diagnostics": [],
            "delete_data_disks_on_termination": false,
            "delete_os_disk_on_termination": false,
            "id": "/subscriptions/e4363b21-2c35-48eb-a773-c84c8292dfa4/resourceGroups/en1tstkk99_rg/providers/Microsoft.Compute/virtualMachines/en1tstkk99_vm1",
            "identity": [],
            "license_type": null,
            "location": "northeurope",
            "name": "en1tstkk99_vm1",
            "network_interface_ids": [
              "/subscriptions/e4363b21-2c35-48eb-a773-c84c8292dfa4/resourceGroups/en1tstkk99_rg/providers/Microsoft.Network/networkInterfaces/en1tstkk99_nic"
            ],
            "os_profile": [
              {
                "admin_password": "",
                "admin_username": "krasi",
                "computer_name": "vm1",
                "custom_data": ""
              }
            ],
            "os_profile_linux_config": [
              {
                "disable_password_authentication": false,
                "ssh_keys": [
                  {
                    "key_data": "ssh-rsa AAAAB3NzaC1yc2EAAAADAQABAAABgQDAg3RTH8uWUOwIrBkwY/RRfFeqo6pqrgYNy/891gvNw4ZdoRtUAMPyUsIrjnrzCB4DdG4093U/mCKGKfb0dv4tKOUuV6k4wtdU6pzQ6E4dsZE0anqcuDKnp9/jwkEKWkxXCwIfQJmvW4odFqV0+Bnr4O1AfwuI/EQscXesJTRd+Nmafho/NXwS8L4qTFY7HTi0AQFeBKANP9oqRc4xkkCPYVhbtglnETQTKJDjp91D0PZqkWihDRtKsoV7jLp4ehBX+JryJBQdXAhnfDH+Hqc+Gt9iUR+pUei1KGNPPz0oVy50Qq5IfG3P3YnQ78IRifew4VSLVOEJQxnOda0xcRhSzmoHlhV2mE0zc2UXnaOds4953BnjJ31BvA/zVg2FmnBpnhvwZFSdgfXjSrdIf12fk7IaN9Y/TAtFaSj4gWfr6zfqXBv+IuQ6k3qlGbgjfZ71CESw9jKJu+TppjqPcVVw34nuadoFx4jlV2T572K+HbPhqf0u+yaYeWHL0u0V7tc= krasimir.koev@BGGLOBAL9696",
                    "path": "/home/krasi/.ssh/authorized_keys"
                  }
                ]
              }
            ],
            "os_profile_secrets": [],
            "os_profile_windows_config": [],
            "plan": [],
            "primary_network_interface_id": null,
            "proximity_placement_group_id": null,
            "resource_group_name": "en1tstkk99_rg",
            "storage_data_disk": [],
            "storage_image_reference": [
              {
                "id": "",
                "offer": "Centos",
                "publisher": "OpenLogic",
                "sku": "7.5",
                "version": "latest"
              }
            ],
            "storage_os_disk": [
              {
                "caching": "ReadWrite",
                "create_option": "FromImage",
                "disk_size_gb": 30,
                "image_uri": "",
                "managed_disk_id": "/subscriptions/e4363b21-2c35-48eb-a773-c84c8292dfa4/resourceGroups/en1tstkk99_rg/providers/Microsoft.Compute/disks/en1tstkk99_osdisk1",
                "managed_disk_type": "Standard_LRS",
                "name": "en1tstkk99_osdisk1",
                "os_type": "Linux",
                "vhd_uri": "",
                "write_accelerator_enabled": false
              }
            ],
            "tags": {},
            "timeouts": null,
            "vm_size": "Standard_B1s",
            "zones": []
          },
          "sensitive_attributes": [],
          "private": "eyJlMmJmYjczMC1lY2FhLTExZTYtOGY4OC0zNDM2M2JjN2M0YzAiOnsiY3JlYXRlIjozNjAwMDAwMDAwMDAwLCJkZWxldGUiOjM2MDAwMDAwMDAwMDAsInJlYWQiOjMwMDAwMDAwMDAwMCwidXBkYXRlIjozNjAwMDAwMDAwMDAwfX0=",
          "dependencies": [
            "azurerm_public_ip.publicIp1",
            "azurerm_resource_group.example_resourcegroup",
            "azurerm_subnet.subnet_1",
            "azurerm_virtual_network.bde_test_vnet",
            "azurerm_network_interface.main_nic"
          ]
        }
      ]
    },
    {
      "mode": "managed",
      "type": "azurerm_virtual_network",
      "name": "bde_test_vnet",
      "provider": "provider[\"registry.terraform.io/hashicorp/azurerm\"]",
      "instances": [
        {
          "schema_version": 0,
          "attributes": {
            "address_space": [
              "10.0.0.0/16"
            ],
            "bgp_community": "",
            "ddos_protection_plan": [],
            "dns_servers": [
              "1.1.1.1",
              "8.8.8.8",
              "8.8.4.4"
            ],
            "guid": "b79488bf-fb2a-4abc-af16-416f2cbe8bfb",
            "id": "/subscriptions/e4363b21-2c35-48eb-a773-c84c8292dfa4/resourceGroups/en1tstkk99_rg/providers/Microsoft.Network/virtualNetworks/en1tstkk99_vnet",
            "location": "northeurope",
            "name": "en1tstkk99_vnet",
            "resource_group_name": "en1tstkk99_rg",
            "subnet": [
              {
                "address_prefix": "10.0.1.0/24",
                "id": "/subscriptions/e4363b21-2c35-48eb-a773-c84c8292dfa4/resourceGroups/en1tstkk99_rg/providers/Microsoft.Network/virtualNetworks/en1tstkk99_vnet/subnets/en1tstkk99_subnet1",
                "name": "en1tstkk99_subnet1",
                "security_group": ""
              },
              {
                "address_prefix": "10.0.11.0/24",
                "id": "/subscriptions/e4363b21-2c35-48eb-a773-c84c8292dfa4/resourceGroups/en1tstkk99_rg/providers/Microsoft.Network/virtualNetworks/en1tstkk99_vnet/subnets/en1tstkk99_subnet11",
                "name": "en1tstkk99_subnet11",
                "security_group": ""
              },
              {
                "address_prefix": "10.0.12.0/24",
                "id": "/subscriptions/e4363b21-2c35-48eb-a773-c84c8292dfa4/resourceGroups/en1tstkk99_rg/providers/Microsoft.Network/virtualNetworks/en1tstkk99_vnet/subnets/en1tstkk99_subnet12",
                "name": "en1tstkk99_subnet12",
                "security_group": ""
              },
              {
                "address_prefix": "10.0.2.0/24",
                "id": "/subscriptions/e4363b21-2c35-48eb-a773-c84c8292dfa4/resourceGroups/en1tstkk99_rg/providers/Microsoft.Network/virtualNetworks/en1tstkk99_vnet/subnets/en1tstkk99_subnet2",
                "name": "en1tstkk99_subnet2",
                "security_group": ""
              }
            ],
            "tags": {},
            "timeouts": null,
            "vm_protection_enabled": false
          },
          "sensitive_attributes": [],
          "private": "eyJlMmJmYjczMC1lY2FhLTExZTYtOGY4OC0zNDM2M2JjN2M0YzAiOnsiY3JlYXRlIjoxODAwMDAwMDAwMDAwLCJkZWxldGUiOjE4MDAwMDAwMDAwMDAsInJlYWQiOjMwMDAwMDAwMDAwMCwidXBkYXRlIjoxODAwMDAwMDAwMDAwfX0=",
          "dependencies": [
            "azurerm_resource_group.example_resourcegroup"
          ]
        }
      ]
    },
    {
      "mode": "managed",
      "type": "null_resource",
      "name": "local",
      "provider": "provider[\"registry.terraform.io/hashicorp/null\"]",
      "instances": [
        {
          "schema_version": 0,
          "attributes": {
            "id": "4472310653182514357",
            "triggers": null
          },
          "sensitive_attributes": [],
          "private": "bnVsbA=="
        }
      ]
    },
    {
      "mode": "managed",
      "type": "null_resource",
      "name": "provision",
      "provider": "provider[\"registry.terraform.io/hashicorp/null\"]",
      "instances": [
        {
          "schema_version": 0,
          "attributes": {
            "id": "3707351857287785875",
            "triggers": null
          },
          "sensitive_attributes": [],
          "private": "bnVsbA==",
          "dependencies": [
            "azurerm_public_ip.publicIp1",
            "azurerm_resource_group.example_resourcegroup",
            "data.template_file.userdata_vm1"
          ]
        }
      ]
    }
  ]
}
