{
  "version": 4,
  "terraform_version": "1.0.7",
  "serial": 19,
  "lineage": "943eead1-98ec-b649-bb8b-da2a2ee54891",
  "outputs": {},
  "resources": [
    {
      "mode": "managed",
      "type": "azurerm_network_security_group",
      "name": "main_sg",
      "provider": "provider[\"registry.terraform.io/hashicorp/azurerm\"]",
      "instances": [
        {
          "schema_version": 0,
          "attributes": {
            "id": "/subscriptions/e4363b21-2c35-48eb-a773-c84c8292dfa4/resourceGroups/bde_test_rg/providers/Microsoft.Network/networkSecurityGroups/bde_test_sg_main",
            "location": "northeurope",
            "name": "bde_test_sg_main",
            "resource_group_name": "bde_test_rg",
            "security_rule": [
              {
                "access": "Allow",
                "description": "",
                "destination_address_prefix": "*",
                "destination_address_prefixes": [],
                "destination_application_security_group_ids": [],
                "destination_port_range": "80",
                "destination_port_ranges": [],
                "direction": "Inbound",
                "name": "bde_test_rule80",
                "priority": 150,
                "protocol": "Tcp",
                "source_address_prefix": "*",
                "source_address_prefixes": [],
                "source_application_security_group_ids": [],
                "source_port_range": "*",
                "source_port_ranges": []
              }
            ],
            "tags": {},
            "timeouts": null
          },
          "sensitive_attributes": [],
          "private": "eyJlMmJmYjczMC1lY2FhLTExZTYtOGY4OC0zNDM2M2JjN2M0YzAiOnsiY3JlYXRlIjoxODAwMDAwMDAwMDAwLCJkZWxldGUiOjE4MDAwMDAwMDAwMDAsInJlYWQiOjMwMDAwMDAwMDAwMCwidXBkYXRlIjoxODAwMDAwMDAwMDAwfX0=",
          "dependencies": [
            "azurerm_resource_group.example_resourcegroup"
          ]
        }
      ]
    },
    {
      "mode": "managed",
      "type": "azurerm_network_security_rule",
      "name": "rule80",
      "provider": "provider[\"registry.terraform.io/hashicorp/azurerm\"]",
      "instances": [
        {
          "schema_version": 0,
          "attributes": {
            "access": "Allow",
            "description": "",
            "destination_address_prefix": "",
            "destination_address_prefixes": [
              "10.0.1.0/24",
              "10.0.2.0/24"
            ],
            "destination_application_security_group_ids": [],
            "destination_port_range": "80",
            "destination_port_ranges": [],
            "direction": "Inbound",
            "id": "/subscriptions/e4363b21-2c35-48eb-a773-c84c8292dfa4/resourceGroups/bde_test_rg/providers/Microsoft.Network/networkSecurityGroups/bde_test_sg_main/securityRules/bde_test_rule80",
            "name": "bde_test_rule80",
            "network_security_group_name": "bde_test_sg_main",
            "priority": 150,
            "protocol": "Tcp",
            "resource_group_name": "bde_test_rg",
            "source_address_prefix": "*",
            "source_address_prefixes": [],
            "source_application_security_group_ids": [],
            "source_port_range": "*",
            "source_port_ranges": [],
            "timeouts": null
          },
          "sensitive_attributes": [],
          "private": "eyJlMmJmYjczMC1lY2FhLTExZTYtOGY4OC0zNDM2M2JjN2M0YzAiOnsiY3JlYXRlIjoxODAwMDAwMDAwMDAwLCJkZWxldGUiOjE4MDAwMDAwMDAwMDAsInJlYWQiOjMwMDAwMDAwMDAwMCwidXBkYXRlIjoxODAwMDAwMDAwMDAwfX0=",
          "dependencies": [
            "azurerm_network_security_group.main_sg",
            "azurerm_resource_group.example_resourcegroup",
            "azurerm_subnet.subnet_1",
            "azurerm_subnet.subnet_2"
          ]
        }
      ]
    },
    {
      "mode": "managed",
      "type": "azurerm_resource_group",
      "name": "example_resourcegroup",
      "provider": "provider[\"registry.terraform.io/hashicorp/azurerm\"]",
      "instances": [
        {
          "schema_version": 0,
          "attributes": {
            "id": "/subscriptions/e4363b21-2c35-48eb-a773-c84c8292dfa4/resourceGroups/bde_test_rg",
            "location": "northeurope",
            "name": "bde_test_rg",
            "tags": {},
            "timeouts": null
          },
          "sensitive_attributes": [],
          "private": "eyJlMmJmYjczMC1lY2FhLTExZTYtOGY4OC0zNDM2M2JjN2M0YzAiOnsiY3JlYXRlIjo1NDAwMDAwMDAwMDAwLCJkZWxldGUiOjU0MDAwMDAwMDAwMDAsInJlYWQiOjMwMDAwMDAwMDAwMCwidXBkYXRlIjo1NDAwMDAwMDAwMDAwfX0="
        }
      ]
    },
    {
      "mode": "managed",
      "type": "azurerm_subnet",
      "name": "subnet_1",
      "provider": "provider[\"registry.terraform.io/hashicorp/azurerm\"]",
      "instances": [
        {
          "schema_version": 0,
          "attributes": {
            "address_prefix": "10.0.1.0/24",
            "address_prefixes": [
              "10.0.1.0/24"
            ],
            "delegation": [],
            "enforce_private_link_endpoint_network_policies": false,
            "enforce_private_link_service_network_policies": false,
            "id": "/subscriptions/e4363b21-2c35-48eb-a773-c84c8292dfa4/resourceGroups/bde_test_rg/providers/Microsoft.Network/virtualNetworks/bde_test_vnet/subnets/bde_test_subnet1",
            "name": "bde_test_subnet1",
            "resource_group_name": "bde_test_rg",
            "service_endpoint_policy_ids": [],
            "service_endpoints": [],
            "timeouts": null,
            "virtual_network_name": "bde_test_vnet"
          },
          "sensitive_attributes": [],
          "private": "eyJlMmJmYjczMC1lY2FhLTExZTYtOGY4OC0zNDM2M2JjN2M0YzAiOnsiY3JlYXRlIjoxODAwMDAwMDAwMDAwLCJkZWxldGUiOjE4MDAwMDAwMDAwMDAsInJlYWQiOjMwMDAwMDAwMDAwMCwidXBkYXRlIjoxODAwMDAwMDAwMDAwfX0=",
          "dependencies": [
            "azurerm_resource_group.example_resourcegroup",
            "azurerm_virtual_network.bde_test_vnet"
          ]
        }
      ]
    },
    {
      "mode": "managed",
      "type": "azurerm_subnet",
      "name": "subnet_11",
      "provider": "provider[\"registry.terraform.io/hashicorp/azurerm\"]",
      "instances": [
        {
          "schema_version": 0,
          "attributes": {
            "address_prefix": "10.0.11.0/24",
            "address_prefixes": [
              "10.0.11.0/24"
            ],
            "delegation": [],
            "enforce_private_link_endpoint_network_policies": false,
            "enforce_private_link_service_network_policies": false,
            "id": "/subscriptions/e4363b21-2c35-48eb-a773-c84c8292dfa4/resourceGroups/bde_test_rg/providers/Microsoft.Network/virtualNetworks/bde_test_vnet/subnets/bde_test_subnet11",
            "name": "bde_test_subnet11",
            "resource_group_name": "bde_test_rg",
            "service_endpoint_policy_ids": [],
            "service_endpoints": [],
            "timeouts": null,
            "virtual_network_name": "bde_test_vnet"
          },
          "sensitive_attributes": [],
          "private": "eyJlMmJmYjczMC1lY2FhLTExZTYtOGY4OC0zNDM2M2JjN2M0YzAiOnsiY3JlYXRlIjoxODAwMDAwMDAwMDAwLCJkZWxldGUiOjE4MDAwMDAwMDAwMDAsInJlYWQiOjMwMDAwMDAwMDAwMCwidXBkYXRlIjoxODAwMDAwMDAwMDAwfX0=",
          "dependencies": [
            "azurerm_resource_group.example_resourcegroup",
            "azurerm_virtual_network.bde_test_vnet"
          ]
        }
      ]
    },
    {
      "mode": "managed",
      "type": "azurerm_subnet",
      "name": "subnet_12",
      "provider": "provider[\"registry.terraform.io/hashicorp/azurerm\"]",
      "instances": [
        {
          "schema_version": 0,
          "attributes": {
            "address_prefix": "10.0.12.0/24",
            "address_prefixes": [
              "10.0.12.0/24"
            ],
            "delegation": [],
            "enforce_private_link_endpoint_network_policies": false,
            "enforce_private_link_service_network_policies": false,
            "id": "/subscriptions/e4363b21-2c35-48eb-a773-c84c8292dfa4/resourceGroups/bde_test_rg/providers/Microsoft.Network/virtualNetworks/bde_test_vnet/subnets/bde_test_subnet12",
            "name": "bde_test_subnet12",
            "resource_group_name": "bde_test_rg",
            "service_endpoint_policy_ids": [],
            "service_endpoints": [],
            "timeouts": null,
            "virtual_network_name": "bde_test_vnet"
          },
          "sensitive_attributes": [],
          "private": "eyJlMmJmYjczMC1lY2FhLTExZTYtOGY4OC0zNDM2M2JjN2M0YzAiOnsiY3JlYXRlIjoxODAwMDAwMDAwMDAwLCJkZWxldGUiOjE4MDAwMDAwMDAwMDAsInJlYWQiOjMwMDAwMDAwMDAwMCwidXBkYXRlIjoxODAwMDAwMDAwMDAwfX0=",
          "dependencies": [
            "azurerm_resource_group.example_resourcegroup",
            "azurerm_virtual_network.bde_test_vnet"
          ]
        }
      ]
    },
    {
      "mode": "managed",
      "type": "azurerm_subnet",
      "name": "subnet_2",
      "provider": "provider[\"registry.terraform.io/hashicorp/azurerm\"]",
      "instances": [
        {
          "schema_version": 0,
          "attributes": {
            "address_prefix": "10.0.2.0/24",
            "address_prefixes": [
              "10.0.2.0/24"
            ],
            "delegation": [],
            "enforce_private_link_endpoint_network_policies": false,
            "enforce_private_link_service_network_policies": false,
            "id": "/subscriptions/e4363b21-2c35-48eb-a773-c84c8292dfa4/resourceGroups/bde_test_rg/providers/Microsoft.Network/virtualNetworks/bde_test_vnet/subnets/bde_test_subnet2",
            "name": "bde_test_subnet2",
            "resource_group_name": "bde_test_rg",
            "service_endpoint_policy_ids": [],
            "service_endpoints": [],
            "timeouts": null,
            "virtual_network_name": "bde_test_vnet"
          },
          "sensitive_attributes": [],
          "private": "eyJlMmJmYjczMC1lY2FhLTExZTYtOGY4OC0zNDM2M2JjN2M0YzAiOnsiY3JlYXRlIjoxODAwMDAwMDAwMDAwLCJkZWxldGUiOjE4MDAwMDAwMDAwMDAsInJlYWQiOjMwMDAwMDAwMDAwMCwidXBkYXRlIjoxODAwMDAwMDAwMDAwfX0=",
          "dependencies": [
            "azurerm_virtual_network.bde_test_vnet",
            "azurerm_resource_group.example_resourcegroup"
          ]
        }
      ]
    },
    {
      "mode": "managed",
      "type": "azurerm_virtual_network",
      "name": "bde_test_vnet",
      "provider": "provider[\"registry.terraform.io/hashicorp/azurerm\"]",
      "instances": [
        {
          "schema_version": 0,
          "attributes": {
            "address_space": [
              "10.0.0.0/16"
            ],
            "bgp_community": "",
            "ddos_protection_plan": [],
            "dns_servers": [
              "1.1.1.1",
              "8.8.8.8",
              "8.8.4.4"
            ],
            "guid": "6ff24f4c-ca04-4f92-abd1-f1d017849396",
            "id": "/subscriptions/e4363b21-2c35-48eb-a773-c84c8292dfa4/resourceGroups/bde_test_rg/providers/Microsoft.Network/virtualNetworks/bde_test_vnet",
            "location": "northeurope",
            "name": "bde_test_vnet",
            "resource_group_name": "bde_test_rg",
            "subnet": [
              {
                "address_prefix": "10.0.1.0/24",
                "id": "/subscriptions/e4363b21-2c35-48eb-a773-c84c8292dfa4/resourceGroups/bde_test_rg/providers/Microsoft.Network/virtualNetworks/bde_test_vnet/subnets/bde_test_subnet1",
                "name": "bde_test_subnet1",
                "security_group": ""
              },
              {
                "address_prefix": "10.0.11.0/24",
                "id": "/subscriptions/e4363b21-2c35-48eb-a773-c84c8292dfa4/resourceGroups/bde_test_rg/providers/Microsoft.Network/virtualNetworks/bde_test_vnet/subnets/bde_test_subnet11",
                "name": "bde_test_subnet11",
                "security_group": ""
              },
              {
                "address_prefix": "10.0.12.0/24",
                "id": "/subscriptions/e4363b21-2c35-48eb-a773-c84c8292dfa4/resourceGroups/bde_test_rg/providers/Microsoft.Network/virtualNetworks/bde_test_vnet/subnets/bde_test_subnet12",
                "name": "bde_test_subnet12",
                "security_group": ""
              },
              {
                "address_prefix": "10.0.2.0/24",
                "id": "/subscriptions/e4363b21-2c35-48eb-a773-c84c8292dfa4/resourceGroups/bde_test_rg/providers/Microsoft.Network/virtualNetworks/bde_test_vnet/subnets/bde_test_subnet2",
                "name": "bde_test_subnet2",
                "security_group": ""
              }
            ],
            "tags": {},
            "timeouts": null,
            "vm_protection_enabled": false
          },
          "sensitive_attributes": [],
          "private": "eyJlMmJmYjczMC1lY2FhLTExZTYtOGY4OC0zNDM2M2JjN2M0YzAiOnsiY3JlYXRlIjoxODAwMDAwMDAwMDAwLCJkZWxldGUiOjE4MDAwMDAwMDAwMDAsInJlYWQiOjMwMDAwMDAwMDAwMCwidXBkYXRlIjoxODAwMDAwMDAwMDAwfX0=",
          "dependencies": [
            "azurerm_resource_group.example_resourcegroup"
          ]
        }
      ]
    }
  ]
}
